// !$*UTF8*$!
{
	archiveVersion = 1;
	classes = {
	};
	objectVersion = 46;
	objects = {

/* Begin PBXBuildFile section */
		C50974361F4EA986007C6EAA /* WebServiceManager.swift in Sources */ = {isa = PBXBuildFile; fileRef = C50974351F4EA986007C6EAA /* WebServiceManager.swift */; };
		C51BEF181FEF6894003DF481 /* UIViewControllerSlideTransitionCoordinator.swift in Sources */ = {isa = PBXBuildFile; fileRef = C51BEF171FEF6894003DF481 /* UIViewControllerSlideTransitionCoordinator.swift */; };
		C53B99AC1FB8B98800160BFD /* BaseTableViewCell.swift in Sources */ = {isa = PBXBuildFile; fileRef = C53B99AB1FB8B98800160BFD /* BaseTableViewCell.swift */; };
		C53B99B01FB8FDE300160BFD /* ItemEditorViewController.swift in Sources */ = {isa = PBXBuildFile; fileRef = C53B99AF1FB8FDE300160BFD /* ItemEditorViewController.swift */; };
		C53C3EF51FBA47850064DDB4 /* SketchesTab.storyboard in Resources */ = {isa = PBXBuildFile; fileRef = C53C3EF41FBA47850064DDB4 /* SketchesTab.storyboard */; };
		C53D92782019206F00FFFBED /* Configs.swift in Sources */ = {isa = PBXBuildFile; fileRef = C53D92772019206F00FFFBED /* Configs.swift */; };
		C53D927A20193D5C00FFFBED /* Constants.swift in Sources */ = {isa = PBXBuildFile; fileRef = C53D927920193D5C00FFFBED /* Constants.swift */; };
		C53D927C20194F0400FFFBED /* Alamofire.framework in Frameworks */ = {isa = PBXBuildFile; fileRef = C53D927B20194F0400FFFBED /* Alamofire.framework */; };
		C53D927E20194F4F00FFFBED /* Alamofire.framework in Embed Frameworks */ = {isa = PBXBuildFile; fileRef = C53D927B20194F0400FFFBED /* Alamofire.framework */; settings = {ATTRIBUTES = (CodeSignOnCopy, RemoveHeadersOnCopy, ); }; };
		C5409B361FA4F81A004BAF4F /* TasksTab.storyboard in Resources */ = {isa = PBXBuildFile; fileRef = C5409B351FA4F81A004BAF4F /* TasksTab.storyboard */; };
		C5409B381FA50758004BAF4F /* ItemCell.xib in Resources */ = {isa = PBXBuildFile; fileRef = C5409B371FA50758004BAF4F /* ItemCell.xib */; };
		C5418DF31FCB44130063BC2B /* UICollectionViewWaterfallLayout.swift in Sources */ = {isa = PBXBuildFile; fileRef = C5418DF21FCB44130063BC2B /* UICollectionViewWaterfallLayout.swift */; };
		C5421FAC1FDFC999009E78C4 /* SketchCell.swift in Sources */ = {isa = PBXBuildFile; fileRef = C5421FAB1FDFC999009E78C4 /* SketchCell.swift */; };
		C5421FAE1FDFCB29009E78C4 /* SketchCell.xib in Resources */ = {isa = PBXBuildFile; fileRef = C5421FAD1FDFCB29009E78C4 /* SketchCell.xib */; };
		C54394431FB55E69009EC104 /* BaseCollectionViewCell.swift in Sources */ = {isa = PBXBuildFile; fileRef = C54394421FB55E69009EC104 /* BaseCollectionViewCell.swift */; };
		C54526C01FE9D77800A82D62 /* Avatars.plist in Resources */ = {isa = PBXBuildFile; fileRef = C54526BF1FE9D77800A82D62 /* Avatars.plist */; };
		C54526C21FE9D8C900A82D62 /* Avatar.swift in Sources */ = {isa = PBXBuildFile; fileRef = C54526C11FE9D8C900A82D62 /* Avatar.swift */; };
		C54854F3201E7FC700C211F3 /* checkout.sh in Resources */ = {isa = PBXBuildFile; fileRef = C54854F2201E7FC700C211F3 /* checkout.sh */; };
		C549CCC21FC7EBFF0039D0D5 /* Cartfile in Resources */ = {isa = PBXBuildFile; fileRef = C549CCC11FC7EBFE0039D0D5 /* Cartfile */; };
		C549CCC41FC7EC1C0039D0D5 /* Cartfile.resolved in Resources */ = {isa = PBXBuildFile; fileRef = C549CCC31FC7EC1C0039D0D5 /* Cartfile.resolved */; };
		C549CCC61FC7EC2B0039D0D5 /* CREDITS.md in Resources */ = {isa = PBXBuildFile; fileRef = C549CCC51FC7EC2B0039D0D5 /* CREDITS.md */; };
		C549CCC81FC7EC300039D0D5 /* LICENSE.md in Resources */ = {isa = PBXBuildFile; fileRef = C549CCC71FC7EC300039D0D5 /* LICENSE.md */; };
		C549CCCA1FC7EC370039D0D5 /* README.md in Resources */ = {isa = PBXBuildFile; fileRef = C549CCC91FC7EC360039D0D5 /* README.md */; };
		C549CCCC1FC8EE630039D0D5 /* CompletedTaskCell.swift in Sources */ = {isa = PBXBuildFile; fileRef = C549CCCB1FC8EE630039D0D5 /* CompletedTaskCell.swift */; };
		C549CCCE1FC8EE960039D0D5 /* CompletedTaskCell.xib in Resources */ = {isa = PBXBuildFile; fileRef = C549CCCD1FC8EE960039D0D5 /* CompletedTaskCell.xib */; };
		C549CCD01FC92B230039D0D5 /* UICollectionViewMosaicLayout.swift in Sources */ = {isa = PBXBuildFile; fileRef = C549CCCF1FC92B230039D0D5 /* UICollectionViewMosaicLayout.swift */; };
		C54CEF811FD06EA700AF0B7B /* Notification.wav in Resources */ = {isa = PBXBuildFile; fileRef = C54CEF801FD06EA700AF0B7B /* Notification.wav */; };
		C54CEF851FD06EB900AF0B7B /* Click.wav in Resources */ = {isa = PBXBuildFile; fileRef = C54CEF841FD06EB900AF0B7B /* Click.wav */; };
		C54CEF871FD06EC100AF0B7B /* Bing.wav in Resources */ = {isa = PBXBuildFile; fileRef = C54CEF861FD06EC100AF0B7B /* Bing.wav */; };
		C54CEF891FD0EFD000AF0B7B /* Tap.wav in Resources */ = {isa = PBXBuildFile; fileRef = C54CEF881FD0EFD000AF0B7B /* Tap.wav */; };
		C54CEF8B1FD0F2BF00AF0B7B /* Coin.wav in Resources */ = {isa = PBXBuildFile; fileRef = C54CEF8A1FD0F2BF00AF0B7B /* Coin.wav */; };
		C54DA6B71FD1B1A50071C3D6 /* PlaceholderBackgroundView.swift in Sources */ = {isa = PBXBuildFile; fileRef = C54DA6B61FD1B1A50071C3D6 /* PlaceholderBackgroundView.swift */; };
		C54DA6B91FD1B2170071C3D6 /* PlaceholderBackgroundView.xib in Resources */ = {isa = PBXBuildFile; fileRef = C54DA6B81FD1B2170071C3D6 /* PlaceholderBackgroundView.xib */; };
		C54E52DA1FE3A2050071E504 /* Realm.framework in Frameworks */ = {isa = PBXBuildFile; fileRef = C54E52D71FE3A1F90071E504 /* Realm.framework */; };
		C54E52DB1FE3A2050071E504 /* Realm.framework in Embed Frameworks */ = {isa = PBXBuildFile; fileRef = C54E52D71FE3A1F90071E504 /* Realm.framework */; settings = {ATTRIBUTES = (CodeSignOnCopy, RemoveHeadersOnCopy, ); }; };
		C54E52DC1FE3A2050071E504 /* RealmSwift.framework in Frameworks */ = {isa = PBXBuildFile; fileRef = C54E52D61FE3A1F90071E504 /* RealmSwift.framework */; };
		C54E52DD1FE3A2050071E504 /* RealmSwift.framework in Embed Frameworks */ = {isa = PBXBuildFile; fileRef = C54E52D61FE3A1F90071E504 /* RealmSwift.framework */; settings = {ATTRIBUTES = (CodeSignOnCopy, RemoveHeadersOnCopy, ); }; };
		C54E52DF1FE3A6540071E504 /* Sketch.xcassets in Resources */ = {isa = PBXBuildFile; fileRef = C54E52DE1FE3A6540071E504 /* Sketch.xcassets */; };
		C54E52E11FE3A7A90071E504 /* Tasks.xcassets in Resources */ = {isa = PBXBuildFile; fileRef = C54E52E01FE3A7A90071E504 /* Tasks.xcassets */; };
		C54E52E41FE3A7BB0071E504 /* Settings.xcassets in Resources */ = {isa = PBXBuildFile; fileRef = C54E52E31FE3A7BB0071E504 /* Settings.xcassets */; };
		C54E52ED1FE436EE0071E504 /* Color.swift in Sources */ = {isa = PBXBuildFile; fileRef = C54E52EC1FE436EE0071E504 /* Color.swift */; };
		C54E52EF1FE4373F0071E504 /* NSDate.swift in Sources */ = {isa = PBXBuildFile; fileRef = C54E52EE1FE4373F0071E504 /* NSDate.swift */; };
		C54E52F51FE437E70071E504 /* URL+document.swift in Sources */ = {isa = PBXBuildFile; fileRef = C54E52F41FE437E70071E504 /* URL+document.swift */; };
		C54E52F71FE437FF0071E504 /* UIView+Animation.swift in Sources */ = {isa = PBXBuildFile; fileRef = C54E52F61FE437FF0071E504 /* UIView+Animation.swift */; };
		C54E52F91FE438200071E504 /* String.swift in Sources */ = {isa = PBXBuildFile; fileRef = C54E52F81FE438200071E504 /* String.swift */; };
		C54E52FB1FE4386C0071E504 /* UICollectionView+IndexPath.swift in Sources */ = {isa = PBXBuildFile; fileRef = C54E52FA1FE4386C0071E504 /* UICollectionView+IndexPath.swift */; };
		C54E52FD1FE4389E0071E504 /* UITableView+IndexPath.swift in Sources */ = {isa = PBXBuildFile; fileRef = C54E52FC1FE4389E0071E504 /* UITableView+IndexPath.swift */; };
		C54E52FF1FE438D40071E504 /* Error.swift in Sources */ = {isa = PBXBuildFile; fileRef = C54E52FE1FE438D40071E504 /* Error.swift */; };
		C54E53011FE4436D0071E504 /* Settings.storyboard in Resources */ = {isa = PBXBuildFile; fileRef = C54E53001FE4436D0071E504 /* Settings.storyboard */; };
		C54E53031FE4494C0071E504 /* Search.storyboard in Resources */ = {isa = PBXBuildFile; fileRef = C54E53021FE4494C0071E504 /* Search.storyboard */; };
		C556EF5C201D141500CAB650 /* CurrentUser.swift in Sources */ = {isa = PBXBuildFile; fileRef = C556EF5B201D141500CAB650 /* CurrentUser.swift */; };
		C556EF60201D171700CAB650 /* KeychainPasswordItem.swift in Sources */ = {isa = PBXBuildFile; fileRef = C556EF5F201D171700CAB650 /* KeychainPasswordItem.swift */; };
		C55E140B1FD7484400C46BED /* SketchesViewController.swift in Sources */ = {isa = PBXBuildFile; fileRef = C55E140A1FD7484400C46BED /* SketchesViewController.swift */; };
		C55E266D1F40DE02001743E4 /* SnapshotHelper.swift in Sources */ = {isa = PBXBuildFile; fileRef = C55E266C1F40DE02001743E4 /* SnapshotHelper.swift */; };
		C56564C51FA05F30006EEE5E /* PendingTaskCell.swift in Sources */ = {isa = PBXBuildFile; fileRef = C56564C31FA05F30006EEE5E /* PendingTaskCell.swift */; };
		C56BF9231FB61A1E00A2D621 /* MainTasksViewController.swift in Sources */ = {isa = PBXBuildFile; fileRef = C56BF9221FB61A1E00A2D621 /* MainTasksViewController.swift */; };
		C59C36F71FDD14A300FA86CF /* SettingsViewController.swift in Sources */ = {isa = PBXBuildFile; fileRef = C59C36F61FDD14A300FA86CF /* SettingsViewController.swift */; };
		C59C36FD1FDE298700FA86CF /* WebsViewController.swift in Sources */ = {isa = PBXBuildFile; fileRef = C59C36FC1FDE298700FA86CF /* WebsViewController.swift */; };
		C59F32FA202D78B1004EA7F4 /* TaskTests.swift in Sources */ = {isa = PBXBuildFile; fileRef = C59F32F9202D78B1004EA7F4 /* TaskTests.swift */; };
		C59F32FC202D78BF004EA7F4 /* SketchTests.swift in Sources */ = {isa = PBXBuildFile; fileRef = C59F32FB202D78BF004EA7F4 /* SketchTests.swift */; };
		C5A0D7751FB67D8B002968F7 /* PendingTaskCell.xib in Resources */ = {isa = PBXBuildFile; fileRef = C5A0D7741FB67D8B002968F7 /* PendingTaskCell.xib */; };
		C5A0D77D1FB7DF98002968F7 /* BaseViewController.swift in Sources */ = {isa = PBXBuildFile; fileRef = C5A0D77C1FB7DF98002968F7 /* BaseViewController.swift */; };
		C5A545121F4ABE7B0007DC1E /* NotificationManager.swift in Sources */ = {isa = PBXBuildFile; fileRef = C5A545111F4ABE7B0007DC1E /* NotificationManager.swift */; };
		C5A856451FEC33D300377F06 /* SketchEditorViewController.swift in Sources */ = {isa = PBXBuildFile; fileRef = C5A856441FEC33D300377F06 /* SketchEditorViewController.swift */; };
		C5A9A8A41F3BB06C00601CFF /* AppDelegate.swift in Sources */ = {isa = PBXBuildFile; fileRef = C5A9A8A31F3BB06C00601CFF /* AppDelegate.swift */; };
		C5A9A8AB1F3BB06C00601CFF /* Main.storyboard in Resources */ = {isa = PBXBuildFile; fileRef = C5A9A8A91F3BB06C00601CFF /* Main.storyboard */; };
		C5A9A8AD1F3BB06C00601CFF /* Assets.xcassets in Resources */ = {isa = PBXBuildFile; fileRef = C5A9A8AC1F3BB06C00601CFF /* Assets.xcassets */; };
		C5A9A8B01F3BB06C00601CFF /* LaunchScreen.storyboard in Resources */ = {isa = PBXBuildFile; fileRef = C5A9A8AE1F3BB06C00601CFF /* LaunchScreen.storyboard */; };
		C5A9A8C31F3BD51000601CFF /* ItemsViewController.swift in Sources */ = {isa = PBXBuildFile; fileRef = C5A9A8C21F3BD51000601CFF /* ItemsViewController.swift */; };
		C5A9A8D21F3BD87700601CFF /* Task.swift in Sources */ = {isa = PBXBuildFile; fileRef = C5A9A8D11F3BD87700601CFF /* Task.swift */; };
		C5A9A8D41F3BDCBB00601CFF /* RealmManager.swift in Sources */ = {isa = PBXBuildFile; fileRef = C5A9A8D31F3BDCBB00601CFF /* RealmManager.swift */; };
		C5A9A8D61F3BE85800601CFF /* Item.swift in Sources */ = {isa = PBXBuildFile; fileRef = C5A9A8D51F3BE85800601CFF /* Item.swift */; };
		C5A9A8D81F3C1E7300601CFF /* User.swift in Sources */ = {isa = PBXBuildFile; fileRef = C5A9A8D71F3C1E7300601CFF /* User.swift */; };
		C5A9A8DF1F3DAFED00601CFF /* ItemCell.swift in Sources */ = {isa = PBXBuildFile; fileRef = C5A9A8DE1F3DAFED00601CFF /* ItemCell.swift */; };
		C5AACE411FE4F3C60025AA97 /* AvatarsViewController.swift in Sources */ = {isa = PBXBuildFile; fileRef = C5AACE401FE4F3C60025AA97 /* AvatarsViewController.swift */; };
		C5AACE431FE4F4CD0025AA97 /* AvatarCell.swift in Sources */ = {isa = PBXBuildFile; fileRef = C5AACE421FE4F4CD0025AA97 /* AvatarCell.swift */; };
		C5AACE451FE4F5240025AA97 /* AvatarCell.xib in Resources */ = {isa = PBXBuildFile; fileRef = C5AACE441FE4F5240025AA97 /* AvatarCell.xib */; };
		C5B4A2FF202E2F8800A2E3A1 /* ItemTests.swift in Sources */ = {isa = PBXBuildFile; fileRef = C5B4A2FE202E2F8800A2E3A1 /* ItemTests.swift */; };
		C5C058B51FEECA980035B1D7 /* UIImageView+Image.swift in Sources */ = {isa = PBXBuildFile; fileRef = C5C058B41FEECA980035B1D7 /* UIImageView+Image.swift */; };
		C5C058B91FEEFAA80035B1D7 /* SaveDataViewController.swift in Sources */ = {isa = PBXBuildFile; fileRef = C5C058B81FEEFAA80035B1D7 /* SaveDataViewController.swift */; };
		C5D4B7B41FF774A1005DCD24 /* Onboarding.xcassets in Resources */ = {isa = PBXBuildFile; fileRef = C5D4B7B31FF774A1005DCD24 /* Onboarding.xcassets */; };
		C5E6CB2F1FC3E69200E8BEA0 /* SearchResultsViewController.swift in Sources */ = {isa = PBXBuildFile; fileRef = C5E6CB2E1FC3E69200E8BEA0 /* SearchResultsViewController.swift */; };
		C5E6CB311FC3E70F00E8BEA0 /* SearchResultCell.swift in Sources */ = {isa = PBXBuildFile; fileRef = C5E6CB301FC3E70F00E8BEA0 /* SearchResultCell.swift */; };
		C5E6CB331FC3E82700E8BEA0 /* SearchResultCell.xib in Resources */ = {isa = PBXBuildFile; fileRef = C5E6CB321FC3E82700E8BEA0 /* SearchResultCell.xib */; };
		C5EC20DE1FF5554400CE0458 /* Amplitude.framework in Frameworks */ = {isa = PBXBuildFile; fileRef = C5EC20DC1FF5500600CE0458 /* Amplitude.framework */; };
		C5EC20DF1FF5554400CE0458 /* Amplitude.framework in Embed Frameworks */ = {isa = PBXBuildFile; fileRef = C5EC20DC1FF5500600CE0458 /* Amplitude.framework */; settings = {ATTRIBUTES = (CodeSignOnCopy, RemoveHeadersOnCopy, ); }; };
		C5EC4D0A1F817C2B00DBF675 /* BaseNavigationController.swift in Sources */ = {isa = PBXBuildFile; fileRef = C5EC4D091F817C2B00DBF675 /* BaseNavigationController.swift */; };
		C5EC4D0C1F817C5800DBF675 /* BaseTabBarController.swift in Sources */ = {isa = PBXBuildFile; fileRef = C5EC4D0B1F817C5800DBF675 /* BaseTabBarController.swift */; };
		C5EFB6C81FCC803300A064E3 /* SearchBarAppearanceTest.swift in Sources */ = {isa = PBXBuildFile; fileRef = C5EFB6C71FCC803300A064E3 /* SearchBarAppearanceTest.swift */; };
		C5EFB6CA1FCC806400A064E3 /* BaseTestCase.swift in Sources */ = {isa = PBXBuildFile; fileRef = C5EFB6C91FCC806400A064E3 /* BaseTestCase.swift */; };
		C5EFB6D01FCFD78B00A064E3 /* SoundEffectManager.swift in Sources */ = {isa = PBXBuildFile; fileRef = C5EFB6CF1FCFD78B00A064E3 /* SoundEffectManager.swift */; };
		C5F512D11FEB988E00CE59D4 /* Sketch.swift in Sources */ = {isa = PBXBuildFile; fileRef = C5F512D01FEB988E00CE59D4 /* Sketch.swift */; };
		C5F748B11FAE7076004F2491 /* TaskEditorViewController.swift in Sources */ = {isa = PBXBuildFile; fileRef = C5F748B01FAE7076004F2491 /* TaskEditorViewController.swift */; };
		F524AFD72085AE9300BC0A31 /* PopTransitionAnimator.swift in Sources */ = {isa = PBXBuildFile; fileRef = F524AFD62085AE9300BC0A31 /* PopTransitionAnimator.swift */; };
		F54C3A1A2047C26900699402 /* StarfishFacade.swift in Sources */ = {isa = PBXBuildFile; fileRef = F54C3A192047C26900699402 /* StarfishFacade.swift */; };
		F54C3A1C2047CD6800699402 /* icon.png in Resources */ = {isa = PBXBuildFile; fileRef = F54C3A1B2047CD6800699402 /* icon.png */; };
		F54C3A1E2047D44D00699402 /* CODE_OF_CONDUCT.md in Resources */ = {isa = PBXBuildFile; fileRef = F54C3A1D2047D44D00699402 /* CODE_OF_CONDUCT.md */; };
		F56680612038A5B2000A351E /* WebServiceConfigurations.swift in Sources */ = {isa = PBXBuildFile; fileRef = F56680602038A5B2000A351E /* WebServiceConfigurations.swift */; };
		F57C4ABB20302D4900F9FE72 /* PendingTasksViewController.swift in Sources */ = {isa = PBXBuildFile; fileRef = F57C4ABA20302D4900F9FE72 /* PendingTasksViewController.swift */; };
		F57C4ABD20302D5500F9FE72 /* CompletedTasksViewController.swift in Sources */ = {isa = PBXBuildFile; fileRef = F57C4ABC20302D5500F9FE72 /* CompletedTasksViewController.swift */; };
		F5FFE63F202F846000572CC9 /* Search.xcassets in Resources */ = {isa = PBXBuildFile; fileRef = F5FFE63E202F846000572CC9 /* Search.xcassets */; };
/* End PBXBuildFile section */

/* Begin PBXContainerItemProxy section */
		C55E26671F40DC17001743E4 /* PBXContainerItemProxy */ = {
			isa = PBXContainerItemProxy;
			containerPortal = C5A9A8981F3BB06C00601CFF /* Project object */;
			proxyType = 1;
			remoteGlobalIDString = C5A9A89F1F3BB06C00601CFF;
			remoteInfo = MultiTask;
		};
		C55E26771F40F100001743E4 /* PBXContainerItemProxy */ = {
			isa = PBXContainerItemProxy;
			containerPortal = C5A9A8981F3BB06C00601CFF /* Project object */;
			proxyType = 1;
			remoteGlobalIDString = C5A9A89F1F3BB06C00601CFF;
			remoteInfo = MultiTask;
		};
/* End PBXContainerItemProxy section */

/* Begin PBXCopyFilesBuildPhase section */
		C53C3EB71FBA0CFF0064DDB4 /* Embed App Extensions */ = {
			isa = PBXCopyFilesBuildPhase;
			buildActionMask = 2147483647;
			dstPath = "";
			dstSubfolderSpec = 13;
			files = (
			);
			name = "Embed App Extensions";
			runOnlyForDeploymentPostprocessing = 0;
		};
		C53C3EF31FBA10FA0064DDB4 /* Embed Watch Content */ = {
			isa = PBXCopyFilesBuildPhase;
			buildActionMask = 2147483647;
			dstPath = "$(CONTENTS_FOLDER_PATH)/Watch";
			dstSubfolderSpec = 16;
			files = (
			);
			name = "Embed Watch Content";
			runOnlyForDeploymentPostprocessing = 0;
		};
		C5A9A8CF1F3BD81C00601CFF /* Embed Frameworks */ = {
			isa = PBXCopyFilesBuildPhase;
			buildActionMask = 2147483647;
			dstPath = "";
			dstSubfolderSpec = 10;
			files = (
				C54E52DD1FE3A2050071E504 /* RealmSwift.framework in Embed Frameworks */,
				C54E52DB1FE3A2050071E504 /* Realm.framework in Embed Frameworks */,
				C5EC20DF1FF5554400CE0458 /* Amplitude.framework in Embed Frameworks */,
				C53D927E20194F4F00FFFBED /* Alamofire.framework in Embed Frameworks */,
			);
			name = "Embed Frameworks";
			runOnlyForDeploymentPostprocessing = 0;
		};
/* End PBXCopyFilesBuildPhase section */

/* Begin PBXFileReference section */
		C50974351F4EA986007C6EAA /* WebServiceManager.swift */ = {isa = PBXFileReference; fileEncoding = 4; lastKnownFileType = sourcecode.swift; path = WebServiceManager.swift; sourceTree = "<group>"; };
		C51BEF171FEF6894003DF481 /* UIViewControllerSlideTransitionCoordinator.swift */ = {isa = PBXFileReference; lastKnownFileType = sourcecode.swift; path = UIViewControllerSlideTransitionCoordinator.swift; sourceTree = "<group>"; };
		C53B99AB1FB8B98800160BFD /* BaseTableViewCell.swift */ = {isa = PBXFileReference; lastKnownFileType = sourcecode.swift; path = BaseTableViewCell.swift; sourceTree = "<group>"; };
		C53B99AF1FB8FDE300160BFD /* ItemEditorViewController.swift */ = {isa = PBXFileReference; lastKnownFileType = sourcecode.swift; path = ItemEditorViewController.swift; sourceTree = "<group>"; };
		C53C3EF41FBA47850064DDB4 /* SketchesTab.storyboard */ = {isa = PBXFileReference; lastKnownFileType = file.storyboard; path = SketchesTab.storyboard; sourceTree = "<group>"; };
		C53D92772019206F00FFFBED /* Configs.swift */ = {isa = PBXFileReference; lastKnownFileType = sourcecode.swift; path = Configs.swift; sourceTree = "<group>"; };
		C53D927920193D5C00FFFBED /* Constants.swift */ = {isa = PBXFileReference; lastKnownFileType = sourcecode.swift; path = Constants.swift; sourceTree = "<group>"; };
		C53D927B20194F0400FFFBED /* Alamofire.framework */ = {isa = PBXFileReference; lastKnownFileType = wrapper.framework; name = Alamofire.framework; path = Carthage/Build/iOS/Alamofire.framework; sourceTree = "<group>"; };
		C5409B351FA4F81A004BAF4F /* TasksTab.storyboard */ = {isa = PBXFileReference; lastKnownFileType = file.storyboard; path = TasksTab.storyboard; sourceTree = "<group>"; };
		C5409B371FA50758004BAF4F /* ItemCell.xib */ = {isa = PBXFileReference; lastKnownFileType = file.xib; path = ItemCell.xib; sourceTree = "<group>"; };
		C5418DF21FCB44130063BC2B /* UICollectionViewWaterfallLayout.swift */ = {isa = PBXFileReference; lastKnownFileType = sourcecode.swift; path = UICollectionViewWaterfallLayout.swift; sourceTree = "<group>"; };
		C5421FAB1FDFC999009E78C4 /* SketchCell.swift */ = {isa = PBXFileReference; lastKnownFileType = sourcecode.swift; path = SketchCell.swift; sourceTree = "<group>"; };
		C5421FAD1FDFCB29009E78C4 /* SketchCell.xib */ = {isa = PBXFileReference; lastKnownFileType = file.xib; path = SketchCell.xib; sourceTree = "<group>"; };
		C54394421FB55E69009EC104 /* BaseCollectionViewCell.swift */ = {isa = PBXFileReference; lastKnownFileType = sourcecode.swift; path = BaseCollectionViewCell.swift; sourceTree = "<group>"; };
		C54526BF1FE9D77800A82D62 /* Avatars.plist */ = {isa = PBXFileReference; fileEncoding = 4; lastKnownFileType = text.plist.xml; path = Avatars.plist; sourceTree = "<group>"; };
		C54526C11FE9D8C900A82D62 /* Avatar.swift */ = {isa = PBXFileReference; lastKnownFileType = sourcecode.swift; path = Avatar.swift; sourceTree = "<group>"; };
		C54854F2201E7FC700C211F3 /* checkout.sh */ = {isa = PBXFileReference; fileEncoding = 4; lastKnownFileType = text.script.sh; path = checkout.sh; sourceTree = "<group>"; };
		C549CCC11FC7EBFE0039D0D5 /* Cartfile */ = {isa = PBXFileReference; fileEncoding = 4; lastKnownFileType = text; path = Cartfile; sourceTree = "<group>"; };
		C549CCC31FC7EC1C0039D0D5 /* Cartfile.resolved */ = {isa = PBXFileReference; fileEncoding = 4; lastKnownFileType = text; path = Cartfile.resolved; sourceTree = "<group>"; };
		C549CCC51FC7EC2B0039D0D5 /* CREDITS.md */ = {isa = PBXFileReference; fileEncoding = 4; lastKnownFileType = net.daringfireball.markdown; path = CREDITS.md; sourceTree = "<group>"; };
		C549CCC71FC7EC300039D0D5 /* LICENSE.md */ = {isa = PBXFileReference; fileEncoding = 4; lastKnownFileType = net.daringfireball.markdown; path = LICENSE.md; sourceTree = "<group>"; };
		C549CCC91FC7EC360039D0D5 /* README.md */ = {isa = PBXFileReference; fileEncoding = 4; lastKnownFileType = net.daringfireball.markdown; path = README.md; sourceTree = "<group>"; };
		C549CCCB1FC8EE630039D0D5 /* CompletedTaskCell.swift */ = {isa = PBXFileReference; lastKnownFileType = sourcecode.swift; path = CompletedTaskCell.swift; sourceTree = "<group>"; };
		C549CCCD1FC8EE960039D0D5 /* CompletedTaskCell.xib */ = {isa = PBXFileReference; lastKnownFileType = file.xib; path = CompletedTaskCell.xib; sourceTree = "<group>"; };
		C549CCCF1FC92B230039D0D5 /* UICollectionViewMosaicLayout.swift */ = {isa = PBXFileReference; lastKnownFileType = sourcecode.swift; path = UICollectionViewMosaicLayout.swift; sourceTree = "<group>"; };
		C54CEF801FD06EA700AF0B7B /* Notification.wav */ = {isa = PBXFileReference; lastKnownFileType = audio.wav; path = Notification.wav; sourceTree = "<group>"; };
		C54CEF841FD06EB900AF0B7B /* Click.wav */ = {isa = PBXFileReference; lastKnownFileType = audio.wav; path = Click.wav; sourceTree = "<group>"; };
		C54CEF861FD06EC100AF0B7B /* Bing.wav */ = {isa = PBXFileReference; lastKnownFileType = audio.wav; path = Bing.wav; sourceTree = "<group>"; };
		C54CEF881FD0EFD000AF0B7B /* Tap.wav */ = {isa = PBXFileReference; lastKnownFileType = audio.wav; path = Tap.wav; sourceTree = "<group>"; };
		C54CEF8A1FD0F2BF00AF0B7B /* Coin.wav */ = {isa = PBXFileReference; lastKnownFileType = audio.wav; path = Coin.wav; sourceTree = "<group>"; };
		C54DA6B61FD1B1A50071C3D6 /* PlaceholderBackgroundView.swift */ = {isa = PBXFileReference; lastKnownFileType = sourcecode.swift; path = PlaceholderBackgroundView.swift; sourceTree = "<group>"; };
		C54DA6B81FD1B2170071C3D6 /* PlaceholderBackgroundView.xib */ = {isa = PBXFileReference; lastKnownFileType = file.xib; path = PlaceholderBackgroundView.xib; sourceTree = "<group>"; };
		C54E52D61FE3A1F90071E504 /* RealmSwift.framework */ = {isa = PBXFileReference; lastKnownFileType = wrapper.framework; name = RealmSwift.framework; path = Carthage/Build/iOS/RealmSwift.framework; sourceTree = "<group>"; };
		C54E52D71FE3A1F90071E504 /* Realm.framework */ = {isa = PBXFileReference; lastKnownFileType = wrapper.framework; name = Realm.framework; path = Carthage/Build/iOS/Realm.framework; sourceTree = "<group>"; };
		C54E52DE1FE3A6540071E504 /* Sketch.xcassets */ = {isa = PBXFileReference; lastKnownFileType = folder.assetcatalog; path = Sketch.xcassets; sourceTree = "<group>"; };
		C54E52E01FE3A7A90071E504 /* Tasks.xcassets */ = {isa = PBXFileReference; lastKnownFileType = folder.assetcatalog; path = Tasks.xcassets; sourceTree = "<group>"; };
		C54E52E31FE3A7BB0071E504 /* Settings.xcassets */ = {isa = PBXFileReference; lastKnownFileType = folder.assetcatalog; path = Settings.xcassets; sourceTree = "<group>"; };
		C54E52EC1FE436EE0071E504 /* Color.swift */ = {isa = PBXFileReference; lastKnownFileType = sourcecode.swift; path = Color.swift; sourceTree = "<group>"; };
		C54E52EE1FE4373F0071E504 /* NSDate.swift */ = {isa = PBXFileReference; lastKnownFileType = sourcecode.swift; path = NSDate.swift; sourceTree = "<group>"; };
		C54E52F41FE437E70071E504 /* URL+document.swift */ = {isa = PBXFileReference; lastKnownFileType = sourcecode.swift; path = "URL+document.swift"; sourceTree = "<group>"; };
		C54E52F61FE437FF0071E504 /* UIView+Animation.swift */ = {isa = PBXFileReference; lastKnownFileType = sourcecode.swift; path = "UIView+Animation.swift"; sourceTree = "<group>"; };
		C54E52F81FE438200071E504 /* String.swift */ = {isa = PBXFileReference; lastKnownFileType = sourcecode.swift; path = String.swift; sourceTree = "<group>"; };
		C54E52FA1FE4386C0071E504 /* UICollectionView+IndexPath.swift */ = {isa = PBXFileReference; lastKnownFileType = sourcecode.swift; path = "UICollectionView+IndexPath.swift"; sourceTree = "<group>"; };
		C54E52FC1FE4389E0071E504 /* UITableView+IndexPath.swift */ = {isa = PBXFileReference; lastKnownFileType = sourcecode.swift; path = "UITableView+IndexPath.swift"; sourceTree = "<group>"; };
		C54E52FE1FE438D40071E504 /* Error.swift */ = {isa = PBXFileReference; lastKnownFileType = sourcecode.swift; path = Error.swift; sourceTree = "<group>"; };
		C54E53001FE4436D0071E504 /* Settings.storyboard */ = {isa = PBXFileReference; lastKnownFileType = file.storyboard; path = Settings.storyboard; sourceTree = "<group>"; };
		C54E53021FE4494C0071E504 /* Search.storyboard */ = {isa = PBXFileReference; lastKnownFileType = file.storyboard; path = Search.storyboard; sourceTree = "<group>"; };
		C556EF5B201D141500CAB650 /* CurrentUser.swift */ = {isa = PBXFileReference; lastKnownFileType = sourcecode.swift; path = CurrentUser.swift; sourceTree = "<group>"; };
		C556EF5F201D171700CAB650 /* KeychainPasswordItem.swift */ = {isa = PBXFileReference; lastKnownFileType = sourcecode.swift; path = KeychainPasswordItem.swift; sourceTree = "<group>"; };
		C55E140A1FD7484400C46BED /* SketchesViewController.swift */ = {isa = PBXFileReference; lastKnownFileType = sourcecode.swift; path = SketchesViewController.swift; sourceTree = "<group>"; };
		C55E26621F40DC17001743E4 /* MultiTaskUITests.xctest */ = {isa = PBXFileReference; explicitFileType = wrapper.cfbundle; includeInIndex = 0; path = MultiTaskUITests.xctest; sourceTree = BUILT_PRODUCTS_DIR; };
		C55E26661F40DC17001743E4 /* Info.plist */ = {isa = PBXFileReference; lastKnownFileType = text.plist.xml; path = Info.plist; sourceTree = "<group>"; };
		C55E266C1F40DE02001743E4 /* SnapshotHelper.swift */ = {isa = PBXFileReference; fileEncoding = 4; lastKnownFileType = sourcecode.swift; path = SnapshotHelper.swift; sourceTree = "<group>"; };
		C55E26721F40F100001743E4 /* MultiTaskTests.xctest */ = {isa = PBXFileReference; explicitFileType = wrapper.cfbundle; includeInIndex = 0; path = MultiTaskTests.xctest; sourceTree = BUILT_PRODUCTS_DIR; };
		C55E26761F40F100001743E4 /* Info.plist */ = {isa = PBXFileReference; lastKnownFileType = text.plist.xml; path = Info.plist; sourceTree = "<group>"; };
		C56564C31FA05F30006EEE5E /* PendingTaskCell.swift */ = {isa = PBXFileReference; lastKnownFileType = sourcecode.swift; path = PendingTaskCell.swift; sourceTree = "<group>"; };
		C56BF9221FB61A1E00A2D621 /* MainTasksViewController.swift */ = {isa = PBXFileReference; lastKnownFileType = sourcecode.swift; path = MainTasksViewController.swift; sourceTree = "<group>"; };
		C59C36F61FDD14A300FA86CF /* SettingsViewController.swift */ = {isa = PBXFileReference; lastKnownFileType = sourcecode.swift; path = SettingsViewController.swift; sourceTree = "<group>"; };
		C59C36FC1FDE298700FA86CF /* WebsViewController.swift */ = {isa = PBXFileReference; lastKnownFileType = sourcecode.swift; path = WebsViewController.swift; sourceTree = "<group>"; };
		C59F32F9202D78B1004EA7F4 /* TaskTests.swift */ = {isa = PBXFileReference; lastKnownFileType = sourcecode.swift; path = TaskTests.swift; sourceTree = "<group>"; };
		C59F32FB202D78BF004EA7F4 /* SketchTests.swift */ = {isa = PBXFileReference; lastKnownFileType = sourcecode.swift; path = SketchTests.swift; sourceTree = "<group>"; };
		C5A0D7741FB67D8B002968F7 /* PendingTaskCell.xib */ = {isa = PBXFileReference; lastKnownFileType = file.xib; path = PendingTaskCell.xib; sourceTree = "<group>"; };
		C5A0D77C1FB7DF98002968F7 /* BaseViewController.swift */ = {isa = PBXFileReference; fileEncoding = 4; lastKnownFileType = sourcecode.swift; path = BaseViewController.swift; sourceTree = "<group>"; };
		C5A545111F4ABE7B0007DC1E /* NotificationManager.swift */ = {isa = PBXFileReference; fileEncoding = 4; lastKnownFileType = sourcecode.swift; path = NotificationManager.swift; sourceTree = "<group>"; };
		C5A856441FEC33D300377F06 /* SketchEditorViewController.swift */ = {isa = PBXFileReference; lastKnownFileType = sourcecode.swift; path = SketchEditorViewController.swift; sourceTree = "<group>"; };
		C5A9A8A01F3BB06C00601CFF /* MultiTask.app */ = {isa = PBXFileReference; explicitFileType = wrapper.application; includeInIndex = 0; path = MultiTask.app; sourceTree = BUILT_PRODUCTS_DIR; };
		C5A9A8A31F3BB06C00601CFF /* AppDelegate.swift */ = {isa = PBXFileReference; lastKnownFileType = sourcecode.swift; path = AppDelegate.swift; sourceTree = "<group>"; };
		C5A9A8AA1F3BB06C00601CFF /* Base */ = {isa = PBXFileReference; lastKnownFileType = file.storyboard; name = Base; path = Base.lproj/Main.storyboard; sourceTree = "<group>"; };
		C5A9A8AC1F3BB06C00601CFF /* Assets.xcassets */ = {isa = PBXFileReference; lastKnownFileType = folder.assetcatalog; path = Assets.xcassets; sourceTree = "<group>"; };
		C5A9A8AF1F3BB06C00601CFF /* Base */ = {isa = PBXFileReference; lastKnownFileType = file.storyboard; name = Base; path = Base.lproj/LaunchScreen.storyboard; sourceTree = "<group>"; };
		C5A9A8B11F3BB06C00601CFF /* Info.plist */ = {isa = PBXFileReference; lastKnownFileType = text.plist.xml; path = Info.plist; sourceTree = "<group>"; };
		C5A9A8C21F3BD51000601CFF /* ItemsViewController.swift */ = {isa = PBXFileReference; fileEncoding = 4; lastKnownFileType = sourcecode.swift; path = ItemsViewController.swift; sourceTree = "<group>"; };
		C5A9A8D11F3BD87700601CFF /* Task.swift */ = {isa = PBXFileReference; fileEncoding = 4; lastKnownFileType = sourcecode.swift; path = Task.swift; sourceTree = "<group>"; };
		C5A9A8D31F3BDCBB00601CFF /* RealmManager.swift */ = {isa = PBXFileReference; fileEncoding = 4; lastKnownFileType = sourcecode.swift; path = RealmManager.swift; sourceTree = "<group>"; };
		C5A9A8D51F3BE85800601CFF /* Item.swift */ = {isa = PBXFileReference; fileEncoding = 4; lastKnownFileType = sourcecode.swift; path = Item.swift; sourceTree = "<group>"; };
		C5A9A8D71F3C1E7300601CFF /* User.swift */ = {isa = PBXFileReference; fileEncoding = 4; lastKnownFileType = sourcecode.swift; path = User.swift; sourceTree = "<group>"; };
		C5A9A8DE1F3DAFED00601CFF /* ItemCell.swift */ = {isa = PBXFileReference; fileEncoding = 4; lastKnownFileType = sourcecode.swift; path = ItemCell.swift; sourceTree = "<group>"; };
		C5AACE401FE4F3C60025AA97 /* AvatarsViewController.swift */ = {isa = PBXFileReference; lastKnownFileType = sourcecode.swift; path = AvatarsViewController.swift; sourceTree = "<group>"; };
		C5AACE421FE4F4CD0025AA97 /* AvatarCell.swift */ = {isa = PBXFileReference; lastKnownFileType = sourcecode.swift; path = AvatarCell.swift; sourceTree = "<group>"; };
		C5AACE441FE4F5240025AA97 /* AvatarCell.xib */ = {isa = PBXFileReference; lastKnownFileType = file.xib; path = AvatarCell.xib; sourceTree = "<group>"; };
		C5B4A2FE202E2F8800A2E3A1 /* ItemTests.swift */ = {isa = PBXFileReference; lastKnownFileType = sourcecode.swift; path = ItemTests.swift; sourceTree = "<group>"; };
		C5C058B41FEECA980035B1D7 /* UIImageView+Image.swift */ = {isa = PBXFileReference; lastKnownFileType = sourcecode.swift; path = "UIImageView+Image.swift"; sourceTree = "<group>"; };
		C5C058B81FEEFAA80035B1D7 /* SaveDataViewController.swift */ = {isa = PBXFileReference; lastKnownFileType = sourcecode.swift; path = SaveDataViewController.swift; sourceTree = "<group>"; };
		C5D4B7B31FF774A1005DCD24 /* Onboarding.xcassets */ = {isa = PBXFileReference; lastKnownFileType = folder.assetcatalog; path = Onboarding.xcassets; sourceTree = "<group>"; };
		C5E6CB2E1FC3E69200E8BEA0 /* SearchResultsViewController.swift */ = {isa = PBXFileReference; lastKnownFileType = sourcecode.swift; path = SearchResultsViewController.swift; sourceTree = "<group>"; };
		C5E6CB301FC3E70F00E8BEA0 /* SearchResultCell.swift */ = {isa = PBXFileReference; lastKnownFileType = sourcecode.swift; path = SearchResultCell.swift; sourceTree = "<group>"; };
		C5E6CB321FC3E82700E8BEA0 /* SearchResultCell.xib */ = {isa = PBXFileReference; lastKnownFileType = file.xib; path = SearchResultCell.xib; sourceTree = "<group>"; };
		C5EC20DC1FF5500600CE0458 /* Amplitude.framework */ = {isa = PBXFileReference; lastKnownFileType = wrapper.framework; name = Amplitude.framework; path = Carthage/Build/iOS/Amplitude.framework; sourceTree = "<group>"; };
		C5EC4D091F817C2B00DBF675 /* BaseNavigationController.swift */ = {isa = PBXFileReference; lastKnownFileType = sourcecode.swift; path = BaseNavigationController.swift; sourceTree = "<group>"; };
		C5EC4D0B1F817C5800DBF675 /* BaseTabBarController.swift */ = {isa = PBXFileReference; lastKnownFileType = sourcecode.swift; path = BaseTabBarController.swift; sourceTree = "<group>"; };
		C5EFB6C71FCC803300A064E3 /* SearchBarAppearanceTest.swift */ = {isa = PBXFileReference; lastKnownFileType = sourcecode.swift; path = SearchBarAppearanceTest.swift; sourceTree = "<group>"; };
		C5EFB6C91FCC806400A064E3 /* BaseTestCase.swift */ = {isa = PBXFileReference; lastKnownFileType = sourcecode.swift; path = BaseTestCase.swift; sourceTree = "<group>"; };
		C5EFB6CF1FCFD78B00A064E3 /* SoundEffectManager.swift */ = {isa = PBXFileReference; lastKnownFileType = sourcecode.swift; path = SoundEffectManager.swift; sourceTree = "<group>"; };
		C5F512D01FEB988E00CE59D4 /* Sketch.swift */ = {isa = PBXFileReference; lastKnownFileType = sourcecode.swift; path = Sketch.swift; sourceTree = "<group>"; };
		C5F748B01FAE7076004F2491 /* TaskEditorViewController.swift */ = {isa = PBXFileReference; lastKnownFileType = sourcecode.swift; path = TaskEditorViewController.swift; sourceTree = "<group>"; };
		F524AFD62085AE9300BC0A31 /* PopTransitionAnimator.swift */ = {isa = PBXFileReference; fileEncoding = 4; lastKnownFileType = sourcecode.swift; path = PopTransitionAnimator.swift; sourceTree = "<group>"; };
		F54C3A192047C26900699402 /* StarfishFacade.swift */ = {isa = PBXFileReference; lastKnownFileType = sourcecode.swift; path = StarfishFacade.swift; sourceTree = "<group>"; };
		F54C3A1B2047CD6800699402 /* icon.png */ = {isa = PBXFileReference; lastKnownFileType = image.png; path = icon.png; sourceTree = "<group>"; };
		F54C3A1D2047D44D00699402 /* CODE_OF_CONDUCT.md */ = {isa = PBXFileReference; fileEncoding = 4; lastKnownFileType = net.daringfireball.markdown; path = CODE_OF_CONDUCT.md; sourceTree = "<group>"; };
		F56680602038A5B2000A351E /* WebServiceConfigurations.swift */ = {isa = PBXFileReference; lastKnownFileType = sourcecode.swift; path = WebServiceConfigurations.swift; sourceTree = "<group>"; };
		F57C4ABA20302D4900F9FE72 /* PendingTasksViewController.swift */ = {isa = PBXFileReference; lastKnownFileType = sourcecode.swift; path = PendingTasksViewController.swift; sourceTree = "<group>"; };
		F57C4ABC20302D5500F9FE72 /* CompletedTasksViewController.swift */ = {isa = PBXFileReference; lastKnownFileType = sourcecode.swift; path = CompletedTasksViewController.swift; sourceTree = "<group>"; };
		F5FFE63E202F846000572CC9 /* Search.xcassets */ = {isa = PBXFileReference; lastKnownFileType = folder.assetcatalog; path = Search.xcassets; sourceTree = "<group>"; };
/* End PBXFileReference section */

/* Begin PBXFrameworksBuildPhase section */
		C55E265F1F40DC17001743E4 /* Frameworks */ = {
			isa = PBXFrameworksBuildPhase;
			buildActionMask = 2147483647;
			files = (
			);
			runOnlyForDeploymentPostprocessing = 0;
		};
		C55E266F1F40F100001743E4 /* Frameworks */ = {
			isa = PBXFrameworksBuildPhase;
			buildActionMask = 2147483647;
			files = (
			);
			runOnlyForDeploymentPostprocessing = 0;
		};
		C5A9A89D1F3BB06C00601CFF /* Frameworks */ = {
			isa = PBXFrameworksBuildPhase;
			buildActionMask = 2147483647;
			files = (
				C5EC20DE1FF5554400CE0458 /* Amplitude.framework in Frameworks */,
				C54E52DC1FE3A2050071E504 /* RealmSwift.framework in Frameworks */,
				C54E52DA1FE3A2050071E504 /* Realm.framework in Frameworks */,
				C53D927C20194F0400FFFBED /* Alamofire.framework in Frameworks */,
			);
			runOnlyForDeploymentPostprocessing = 0;
		};
/* End PBXFrameworksBuildPhase section */

/* Begin PBXGroup section */
		C53C3EA71FBA0CFF0064DDB4 /* Frameworks */ = {
			isa = PBXGroup;
			children = (
				C53D927B20194F0400FFFBED /* Alamofire.framework */,
				C5EC20DC1FF5500600CE0458 /* Amplitude.framework */,
				C54E52D71FE3A1F90071E504 /* Realm.framework */,
				C54E52D61FE3A1F90071E504 /* RealmSwift.framework */,
			);
			name = Frameworks;
			sourceTree = "<group>";
		};
		C54526BE1FE9D75D00A82D62 /* Supporting Files */ = {
			isa = PBXGroup;
			children = (
				C54526BF1FE9D77800A82D62 /* Avatars.plist */,
			);
			name = "Supporting Files";
			sourceTree = "<group>";
		};
		C54854F4201E7FEE00C211F3 /* RealmManager */ = {
			isa = PBXGroup;
			children = (
				C5A9A8D31F3BDCBB00601CFF /* RealmManager.swift */,
			);
			path = RealmManager;
			sourceTree = "<group>";
		};
		C54854F5201E7FF900C211F3 /* WebServiceManager */ = {
			isa = PBXGroup;
			children = (
				C50974351F4EA986007C6EAA /* WebServiceManager.swift */,
				F56680602038A5B2000A351E /* WebServiceConfigurations.swift */,
			);
			path = WebServiceManager;
			sourceTree = "<group>";
		};
		C54E52E21FE3A7B10071E504 /* Resources */ = {
			isa = PBXGroup;
			children = (
				C54E52E31FE3A7BB0071E504 /* Settings.xcassets */,
			);
			name = Resources;
			sourceTree = "<group>";
		};
		C54E52E71FE435CA0071E504 /* Models */ = {
			isa = PBXGroup;
			children = (
				C556EF5B201D141500CAB650 /* CurrentUser.swift */,
				C5A9A8D71F3C1E7300601CFF /* User.swift */,
			);
			name = Models;
			sourceTree = "<group>";
		};
		C556EF5E201D169700CAB650 /* GenericKeychain */ = {
			isa = PBXGroup;
			children = (
				C556EF5F201D171700CAB650 /* KeychainPasswordItem.swift */,
			);
			path = GenericKeychain;
			sourceTree = "<group>";
		};
		C55E26631F40DC17001743E4 /* MultiTaskUITests */ = {
			isa = PBXGroup;
			children = (
				C55E266C1F40DE02001743E4 /* SnapshotHelper.swift */,
				C5EFB6C71FCC803300A064E3 /* SearchBarAppearanceTest.swift */,
				C5EFB6C91FCC806400A064E3 /* BaseTestCase.swift */,
				C55E26661F40DC17001743E4 /* Info.plist */,
			);
			path = MultiTaskUITests;
			sourceTree = SOURCE_ROOT;
		};
		C55E26731F40F100001743E4 /* MultiTaskTests */ = {
			isa = PBXGroup;
			children = (
				C55E26761F40F100001743E4 /* Info.plist */,
				C59F32F9202D78B1004EA7F4 /* TaskTests.swift */,
				C5B4A2FE202E2F8800A2E3A1 /* ItemTests.swift */,
				C59F32FB202D78BF004EA7F4 /* SketchTests.swift */,
			);
			path = MultiTaskTests;
			sourceTree = SOURCE_ROOT;
		};
		C562547D1FE336E3000D65BF /* Models */ = {
			isa = PBXGroup;
			children = (
				C5A9A8D11F3BD87700601CFF /* Task.swift */,
				C5A9A8D51F3BE85800601CFF /* Item.swift */,
			);
			name = Models;
			sourceTree = "<group>";
		};
		C562547E1FE336E9000D65BF /* Views */ = {
			isa = PBXGroup;
			children = (
				C549CCCB1FC8EE630039D0D5 /* CompletedTaskCell.swift */,
				C549CCCD1FC8EE960039D0D5 /* CompletedTaskCell.xib */,
				C5A9A8DE1F3DAFED00601CFF /* ItemCell.swift */,
				C5409B371FA50758004BAF4F /* ItemCell.xib */,
				C56564C31FA05F30006EEE5E /* PendingTaskCell.swift */,
				C5A0D7741FB67D8B002968F7 /* PendingTaskCell.xib */,
				C5409B351FA4F81A004BAF4F /* TasksTab.storyboard */,
			);
			name = Views;
			sourceTree = "<group>";
		};
		C562547F1FE336ED000D65BF /* Controllers */ = {
			isa = PBXGroup;
			children = (
				F57C4ABC20302D5500F9FE72 /* CompletedTasksViewController.swift */,
				C53B99AF1FB8FDE300160BFD /* ItemEditorViewController.swift */,
				C5A9A8C21F3BD51000601CFF /* ItemsViewController.swift */,
				C56BF9221FB61A1E00A2D621 /* MainTasksViewController.swift */,
				F57C4ABA20302D4900F9FE72 /* PendingTasksViewController.swift */,
				C5F748B01FAE7076004F2491 /* TaskEditorViewController.swift */,
			);
			name = Controllers;
			sourceTree = "<group>";
		};
		C56254801FE336FD000D65BF /* Resources */ = {
			isa = PBXGroup;
			children = (
				C54E52E01FE3A7A90071E504 /* Tasks.xcassets */,
			);
			name = Resources;
			sourceTree = "<group>";
		};
		C56254811FE33739000D65BF /* Onboarding */ = {
			isa = PBXGroup;
			children = (
				C5D4B7B21FF77494005DCD24 /* Resources */,
				C5D4B7B11FF7748D005DCD24 /* Views */,
			);
			name = Onboarding;
			sourceTree = "<group>";
		};
		C56254821FE33794000D65BF /* Search */ = {
			isa = PBXGroup;
			children = (
				C56254861FE337BC000D65BF /* Resources */,
				C56254851FE337AF000D65BF /* Controllers */,
				C56254841FE337AB000D65BF /* Views */,
				C56254831FE337A6000D65BF /* Models */,
			);
			name = Search;
			sourceTree = "<group>";
		};
		C56254831FE337A6000D65BF /* Models */ = {
			isa = PBXGroup;
			children = (
			);
			name = Models;
			sourceTree = "<group>";
		};
		C56254841FE337AB000D65BF /* Views */ = {
			isa = PBXGroup;
			children = (
				C5E6CB301FC3E70F00E8BEA0 /* SearchResultCell.swift */,
				C5E6CB321FC3E82700E8BEA0 /* SearchResultCell.xib */,
				C54E53021FE4494C0071E504 /* Search.storyboard */,
			);
			name = Views;
			sourceTree = "<group>";
		};
		C56254851FE337AF000D65BF /* Controllers */ = {
			isa = PBXGroup;
			children = (
				C5E6CB2E1FC3E69200E8BEA0 /* SearchResultsViewController.swift */,
			);
			path = Controllers;
			sourceTree = "<group>";
		};
		C56254861FE337BC000D65BF /* Resources */ = {
			isa = PBXGroup;
			children = (
				F5FFE63E202F846000572CC9 /* Search.xcassets */,
			);
			name = Resources;
			sourceTree = "<group>";
		};
		C56254871FE33868000D65BF /* Controllers */ = {
			isa = PBXGroup;
			children = (
				C5EC4D091F817C2B00DBF675 /* BaseNavigationController.swift */,
				C5EC4D0B1F817C5800DBF675 /* BaseTabBarController.swift */,
				C5A0D77C1FB7DF98002968F7 /* BaseViewController.swift */,
				C59C36FC1FDE298700FA86CF /* WebsViewController.swift */,
			);
			name = Controllers;
			sourceTree = "<group>";
		};
		C565A6501FE397D900F1E5B8 /* Settings */ = {
			isa = PBXGroup;
			children = (
				C565A6511FE397E600F1E5B8 /* Controllers */,
				C565A6531FE397F900F1E5B8 /* Models */,
				C54E52E21FE3A7B10071E504 /* Resources */,
				C54526BE1FE9D75D00A82D62 /* Supporting Files */,
				C565A6521FE397EF00F1E5B8 /* Views */,
			);
			name = Settings;
			sourceTree = "<group>";
		};
		C565A6511FE397E600F1E5B8 /* Controllers */ = {
			isa = PBXGroup;
			children = (
				C5AACE401FE4F3C60025AA97 /* AvatarsViewController.swift */,
				C59C36F61FDD14A300FA86CF /* SettingsViewController.swift */,
			);
			name = Controllers;
			sourceTree = "<group>";
		};
		C565A6521FE397EF00F1E5B8 /* Views */ = {
			isa = PBXGroup;
			children = (
				C5AACE421FE4F4CD0025AA97 /* AvatarCell.swift */,
				C5AACE441FE4F5240025AA97 /* AvatarCell.xib */,
				C54E53001FE4436D0071E504 /* Settings.storyboard */,
			);
			name = Views;
			sourceTree = "<group>";
		};
		C565A6531FE397F900F1E5B8 /* Models */ = {
			isa = PBXGroup;
			children = (
				C54526C11FE9D8C900A82D62 /* Avatar.swift */,
			);
			name = Models;
			sourceTree = "<group>";
		};
		C565A6541FE39A9400F1E5B8 /* Sketches */ = {
			isa = PBXGroup;
			children = (
				C565A6551FE39AB100F1E5B8 /* Controllers */,
				C565A6571FE39ABF00F1E5B8 /* Models */,
				C565A6581FE39AC600F1E5B8 /* Resources */,
				C565A6561FE39AB800F1E5B8 /* Views */,
			);
			name = Sketches;
			sourceTree = "<group>";
		};
		C565A6551FE39AB100F1E5B8 /* Controllers */ = {
			isa = PBXGroup;
			children = (
				C55E140A1FD7484400C46BED /* SketchesViewController.swift */,
				C5A856441FEC33D300377F06 /* SketchEditorViewController.swift */,
				C5C058B81FEEFAA80035B1D7 /* SaveDataViewController.swift */,
			);
			name = Controllers;
			sourceTree = "<group>";
		};
		C565A6561FE39AB800F1E5B8 /* Views */ = {
			isa = PBXGroup;
			children = (
				C5421FAB1FDFC999009E78C4 /* SketchCell.swift */,
				C5421FAD1FDFCB29009E78C4 /* SketchCell.xib */,
				C53C3EF41FBA47850064DDB4 /* SketchesTab.storyboard */,
				C51BEF171FEF6894003DF481 /* UIViewControllerSlideTransitionCoordinator.swift */,
			);
			name = Views;
			sourceTree = "<group>";
		};
		C565A6571FE39ABF00F1E5B8 /* Models */ = {
			isa = PBXGroup;
			children = (
				C5F512D01FEB988E00CE59D4 /* Sketch.swift */,
			);
			name = Models;
			sourceTree = "<group>";
		};
		C565A6581FE39AC600F1E5B8 /* Resources */ = {
			isa = PBXGroup;
			children = (
				C54E52DE1FE3A6540071E504 /* Sketch.xcassets */,
			);
			name = Resources;
			sourceTree = "<group>";
		};
		C58FD2A4200DC036004759B3 /* Configs */ = {
			isa = PBXGroup;
			children = (
				C53D92772019206F00FFFBED /* Configs.swift */,
				C53D927920193D5C00FFFBED /* Constants.swift */,
				C54E52EC1FE436EE0071E504 /* Color.swift */,
			);
			path = Configs;
			sourceTree = "<group>";
		};
		C58FD2A5200DC064004759B3 /* Lib */ = {
			isa = PBXGroup;
			children = (
				C556EF5E201D169700CAB650 /* GenericKeychain */,
				F56680632039F0F9000A351E /* NotificationManager */,
				F56680622039F080000A351E /* SoundEffectManager */,
				C54854F5201E7FF900C211F3 /* WebServiceManager */,
				C54854F4201E7FEE00C211F3 /* RealmManager */,
				F54C3A192047C26900699402 /* StarfishFacade.swift */,
			);
			path = Lib;
			sourceTree = "<group>";
		};
		C5A8AC641FE3346100680A9C /* App */ = {
			isa = PBXGroup;
			children = (
				C5A8AC661FE3349000680A9C /* AppDelegate */,
				C56254871FE33868000D65BF /* Controllers */,
				C5A8AC651FE3346900680A9C /* Helpers */,
				C54E52E71FE435CA0071E504 /* Models */,
				C5A8AC671FE3349E00680A9C /* Resources */,
				C5A8AC681FE334A800680A9C /* Supporting Files */,
				C5A8AC691FE334BB00680A9C /* Views */,
			);
			name = App;
			sourceTree = "<group>";
		};
		C5A8AC651FE3346900680A9C /* Helpers */ = {
			isa = PBXGroup;
			children = (
				C54E52FE1FE438D40071E504 /* Error.swift */,
				C54E52EE1FE4373F0071E504 /* NSDate.swift */,
				C54E52F81FE438200071E504 /* String.swift */,
				C54E52FA1FE4386C0071E504 /* UICollectionView+IndexPath.swift */,
				C54E52FC1FE4389E0071E504 /* UITableView+IndexPath.swift */,
				C54E52F61FE437FF0071E504 /* UIView+Animation.swift */,
				C54E52F41FE437E70071E504 /* URL+document.swift */,
				C5C058B41FEECA980035B1D7 /* UIImageView+Image.swift */,
			);
			name = Helpers;
			sourceTree = "<group>";
		};
		C5A8AC661FE3349000680A9C /* AppDelegate */ = {
			isa = PBXGroup;
			children = (
				C5A9A8A31F3BB06C00601CFF /* AppDelegate.swift */,
			);
			name = AppDelegate;
			sourceTree = "<group>";
		};
		C5A8AC671FE3349E00680A9C /* Resources */ = {
			isa = PBXGroup;
			children = (
				F54C3A1B2047CD6800699402 /* icon.png */,
				C54CEF861FD06EC100AF0B7B /* Bing.wav */,
				C54CEF8A1FD0F2BF00AF0B7B /* Coin.wav */,
				C54CEF881FD0EFD000AF0B7B /* Tap.wav */,
				C54CEF841FD06EB900AF0B7B /* Click.wav */,
				C54CEF801FD06EA700AF0B7B /* Notification.wav */,
				C5A9A8AC1F3BB06C00601CFF /* Assets.xcassets */,
			);
			name = Resources;
			sourceTree = "<group>";
		};
		C5A8AC681FE334A800680A9C /* Supporting Files */ = {
			isa = PBXGroup;
			children = (
				C5A9A8B11F3BB06C00601CFF /* Info.plist */,
			);
			name = "Supporting Files";
			sourceTree = "<group>";
		};
		C5A8AC691FE334BB00680A9C /* Views */ = {
			isa = PBXGroup;
			children = (
				C54394421FB55E69009EC104 /* BaseCollectionViewCell.swift */,
				C53B99AB1FB8B98800160BFD /* BaseTableViewCell.swift */,
				C5A9A8A91F3BB06C00601CFF /* Main.storyboard */,
				C54DA6B61FD1B1A50071C3D6 /* PlaceholderBackgroundView.swift */,
				C54DA6B81FD1B2170071C3D6 /* PlaceholderBackgroundView.xib */,
				F524AFD62085AE9300BC0A31 /* PopTransitionAnimator.swift */,
				C549CCCF1FC92B230039D0D5 /* UICollectionViewMosaicLayout.swift */,
				C5418DF21FCB44130063BC2B /* UICollectionViewWaterfallLayout.swift */,
			);
			name = Views;
			sourceTree = "<group>";
		};
		C5A8AC6A1FE3355300680A9C /* Tasks */ = {
			isa = PBXGroup;
			children = (
				C562547F1FE336ED000D65BF /* Controllers */,
				C562547D1FE336E3000D65BF /* Models */,
				C56254801FE336FD000D65BF /* Resources */,
				C562547E1FE336E9000D65BF /* Views */,
			);
			name = Tasks;
			sourceTree = "<group>";
		};
		C5A9A8971F3BB06C00601CFF = {
			isa = PBXGroup;
			children = (
				C549CCC11FC7EBFE0039D0D5 /* Cartfile */,
				F54C3A1D2047D44D00699402 /* CODE_OF_CONDUCT.md */,
				C549CCC51FC7EC2B0039D0D5 /* CREDITS.md */,
				C549CCC71FC7EC300039D0D5 /* LICENSE.md */,
				C549CCC91FC7EC360039D0D5 /* README.md */,
				C549CCC31FC7EC1C0039D0D5 /* Cartfile.resolved */,
				C54854F2201E7FC700C211F3 /* checkout.sh */,
				C58FD2A4200DC036004759B3 /* Configs */,
				C53C3EA71FBA0CFF0064DDB4 /* Frameworks */,
				C58FD2A5200DC064004759B3 /* Lib */,
				C5A9A8A21F3BB06C00601CFF /* MultiTask */,
				C55E26731F40F100001743E4 /* MultiTaskTests */,
				C55E26631F40DC17001743E4 /* MultiTaskUITests */,
				C5A9A8A11F3BB06C00601CFF /* Products */,
			);
			sourceTree = "<group>";
		};
		C5A9A8A11F3BB06C00601CFF /* Products */ = {
			isa = PBXGroup;
			children = (
				C5A9A8A01F3BB06C00601CFF /* MultiTask.app */,
				C55E26621F40DC17001743E4 /* MultiTaskUITests.xctest */,
				C55E26721F40F100001743E4 /* MultiTaskTests.xctest */,
			);
			name = Products;
			sourceTree = "<group>";
		};
		C5A9A8A21F3BB06C00601CFF /* MultiTask */ = {
			isa = PBXGroup;
			children = (
				C5A8AC641FE3346100680A9C /* App */,
				C56254811FE33739000D65BF /* Onboarding */,
				C56254821FE33794000D65BF /* Search */,
				C565A6501FE397D900F1E5B8 /* Settings */,
				C565A6541FE39A9400F1E5B8 /* Sketches */,
				C5A8AC6A1FE3355300680A9C /* Tasks */,
			);
			path = MultiTask;
			sourceTree = "<group>";
		};
		C5D4B7B11FF7748D005DCD24 /* Views */ = {
			isa = PBXGroup;
			children = (
				C5A9A8AE1F3BB06C00601CFF /* LaunchScreen.storyboard */,
			);
			name = Views;
			sourceTree = "<group>";
		};
		C5D4B7B21FF77494005DCD24 /* Resources */ = {
			isa = PBXGroup;
			children = (
				C5D4B7B31FF774A1005DCD24 /* Onboarding.xcassets */,
			);
			name = Resources;
			sourceTree = "<group>";
		};
		F56680622039F080000A351E /* SoundEffectManager */ = {
			isa = PBXGroup;
			children = (
				C5EFB6CF1FCFD78B00A064E3 /* SoundEffectManager.swift */,
			);
			path = SoundEffectManager;
			sourceTree = "<group>";
		};
		F56680632039F0F9000A351E /* NotificationManager */ = {
			isa = PBXGroup;
			children = (
				C5A545111F4ABE7B0007DC1E /* NotificationManager.swift */,
			);
			path = NotificationManager;
			sourceTree = "<group>";
		};
/* End PBXGroup section */

/* Begin PBXNativeTarget section */
		C55E26611F40DC17001743E4 /* MultiTaskUITests */ = {
			isa = PBXNativeTarget;
			buildConfigurationList = C55E26691F40DC17001743E4 /* Build configuration list for PBXNativeTarget "MultiTaskUITests" */;
			buildPhases = (
				C55E265E1F40DC17001743E4 /* Sources */,
				C55E265F1F40DC17001743E4 /* Frameworks */,
				C55E26601F40DC17001743E4 /* Resources */,
			);
			buildRules = (
			);
			dependencies = (
				C55E26681F40DC17001743E4 /* PBXTargetDependency */,
			);
			name = MultiTaskUITests;
			productName = MultiTaskUITests;
			productReference = C55E26621F40DC17001743E4 /* MultiTaskUITests.xctest */;
			productType = "com.apple.product-type.bundle.ui-testing";
		};
		C55E26711F40F100001743E4 /* MultiTaskTests */ = {
			isa = PBXNativeTarget;
			buildConfigurationList = C55E26791F40F100001743E4 /* Build configuration list for PBXNativeTarget "MultiTaskTests" */;
			buildPhases = (
				C55E266E1F40F100001743E4 /* Sources */,
				C55E266F1F40F100001743E4 /* Frameworks */,
				C55E26701F40F100001743E4 /* Resources */,
				C5B412AA1FBE6D08006CFDA6 /* ShellScript */,
			);
			buildRules = (
			);
			dependencies = (
				C55E26781F40F100001743E4 /* PBXTargetDependency */,
			);
			name = MultiTaskTests;
			productName = MultiTaskTests;
			productReference = C55E26721F40F100001743E4 /* MultiTaskTests.xctest */;
			productType = "com.apple.product-type.bundle.unit-test";
		};
		C5A9A89F1F3BB06C00601CFF /* MultiTask */ = {
			isa = PBXNativeTarget;
			buildConfigurationList = C5A9A8B41F3BB06C00601CFF /* Build configuration list for PBXNativeTarget "MultiTask" */;
			buildPhases = (
				C5A9A89C1F3BB06C00601CFF /* Sources */,
				C5A9A89D1F3BB06C00601CFF /* Frameworks */,
				C5A9A89E1F3BB06C00601CFF /* Resources */,
				C5A9A8CF1F3BD81C00601CFF /* Embed Frameworks */,
				C55E265C1F404484001743E4 /* Run Script */,
				C53C3EB71FBA0CFF0064DDB4 /* Embed App Extensions */,
				C53C3EF31FBA10FA0064DDB4 /* Embed Watch Content */,
			);
			buildRules = (
			);
			dependencies = (
			);
			name = MultiTask;
			productName = MultiTask;
			productReference = C5A9A8A01F3BB06C00601CFF /* MultiTask.app */;
			productType = "com.apple.product-type.application";
		};
/* End PBXNativeTarget section */

/* Begin PBXProject section */
		C5A9A8981F3BB06C00601CFF /* Project object */ = {
			isa = PBXProject;
			attributes = {
				LastSwiftUpdateCheck = 0910;
				LastUpgradeCheck = 0920;
				ORGANIZATIONNAME = Duckensburg;
				TargetAttributes = {
					C55E26611F40DC17001743E4 = {
						CreatedOnToolsVersion = 8.3.3;
						DevelopmentTeam = ZLUJC28Y9H;
						LastSwiftMigration = 0910;
						ProvisioningStyle = Automatic;
						TestTargetID = C5A9A89F1F3BB06C00601CFF;
					};
					C55E26711F40F100001743E4 = {
						CreatedOnToolsVersion = 8.3.3;
						DevelopmentTeam = ZLUJC28Y9H;
						LastSwiftMigration = 0910;
						ProvisioningStyle = Automatic;
						TestTargetID = C5A9A89F1F3BB06C00601CFF;
					};
					C5A9A89F1F3BB06C00601CFF = {
						CreatedOnToolsVersion = 8.3.3;
						DevelopmentTeam = KKSY22G5PE;
						LastSwiftMigration = 0910;
						ProvisioningStyle = Automatic;
						SystemCapabilities = {
							com.apple.ApplicationGroups.iOS = {
								enabled = 0;
							};
						};
					};
				};
			};
			buildConfigurationList = C5A9A89B1F3BB06C00601CFF /* Build configuration list for PBXProject "MultiTask" */;
			compatibilityVersion = "Xcode 3.2";
			developmentRegion = English;
			hasScannedForEncodings = 0;
			knownRegions = (
				en,
				Base,
			);
			mainGroup = C5A9A8971F3BB06C00601CFF;
			productRefGroup = C5A9A8A11F3BB06C00601CFF /* Products */;
			projectDirPath = "";
			projectRoot = "";
			targets = (
				C5A9A89F1F3BB06C00601CFF /* MultiTask */,
				C55E26611F40DC17001743E4 /* MultiTaskUITests */,
				C55E26711F40F100001743E4 /* MultiTaskTests */,
			);
		};
/* End PBXProject section */

/* Begin PBXResourcesBuildPhase section */
		C55E26601F40DC17001743E4 /* Resources */ = {
			isa = PBXResourcesBuildPhase;
			buildActionMask = 2147483647;
			files = (
			);
			runOnlyForDeploymentPostprocessing = 0;
		};
		C55E26701F40F100001743E4 /* Resources */ = {
			isa = PBXResourcesBuildPhase;
			buildActionMask = 2147483647;
			files = (
			);
			runOnlyForDeploymentPostprocessing = 0;
		};
		C5A9A89E1F3BB06C00601CFF /* Resources */ = {
			isa = PBXResourcesBuildPhase;
			buildActionMask = 2147483647;
			files = (
				C5A9A8B01F3BB06C00601CFF /* LaunchScreen.storyboard in Resources */,
				C549CCC41FC7EC1C0039D0D5 /* Cartfile.resolved in Resources */,
				C5D4B7B41FF774A1005DCD24 /* Onboarding.xcassets in Resources */,
				C54E52E41FE3A7BB0071E504 /* Settings.xcassets in Resources */,
				F54C3A1C2047CD6800699402 /* icon.png in Resources */,
				C5A9A8AD1F3BB06C00601CFF /* Assets.xcassets in Resources */,
				C54CEF891FD0EFD000AF0B7B /* Tap.wav in Resources */,
				C549CCC61FC7EC2B0039D0D5 /* CREDITS.md in Resources */,
				C5421FAE1FDFCB29009E78C4 /* SketchCell.xib in Resources */,
				C549CCC21FC7EBFF0039D0D5 /* Cartfile in Resources */,
				C54CEF871FD06EC100AF0B7B /* Bing.wav in Resources */,
				C53C3EF51FBA47850064DDB4 /* SketchesTab.storyboard in Resources */,
				C54DA6B91FD1B2170071C3D6 /* PlaceholderBackgroundView.xib in Resources */,
				C5A0D7751FB67D8B002968F7 /* PendingTaskCell.xib in Resources */,
				C549CCCA1FC7EC370039D0D5 /* README.md in Resources */,
				C54854F3201E7FC700C211F3 /* checkout.sh in Resources */,
				C5409B361FA4F81A004BAF4F /* TasksTab.storyboard in Resources */,
				C54E52E11FE3A7A90071E504 /* Tasks.xcassets in Resources */,
				C5AACE451FE4F5240025AA97 /* AvatarCell.xib in Resources */,
				F5FFE63F202F846000572CC9 /* Search.xcassets in Resources */,
				C549CCC81FC7EC300039D0D5 /* LICENSE.md in Resources */,
				C54CEF811FD06EA700AF0B7B /* Notification.wav in Resources */,
				C5A9A8AB1F3BB06C00601CFF /* Main.storyboard in Resources */,
				C54CEF8B1FD0F2BF00AF0B7B /* Coin.wav in Resources */,
				C5E6CB331FC3E82700E8BEA0 /* SearchResultCell.xib in Resources */,
				C54E52DF1FE3A6540071E504 /* Sketch.xcassets in Resources */,
				C54526C01FE9D77800A82D62 /* Avatars.plist in Resources */,
				C549CCCE1FC8EE960039D0D5 /* CompletedTaskCell.xib in Resources */,
				C54E53011FE4436D0071E504 /* Settings.storyboard in Resources */,
				F54C3A1E2047D44D00699402 /* CODE_OF_CONDUCT.md in Resources */,
				C5409B381FA50758004BAF4F /* ItemCell.xib in Resources */,
				C54E53031FE4494C0071E504 /* Search.storyboard in Resources */,
				C54CEF851FD06EB900AF0B7B /* Click.wav in Resources */,
			);
			runOnlyForDeploymentPostprocessing = 0;
		};
/* End PBXResourcesBuildPhase section */

/* Begin PBXShellScriptBuildPhase section */
		C55E265C1F404484001743E4 /* Run Script */ = {
			isa = PBXShellScriptBuildPhase;
			buildActionMask = 2147483647;
			files = (
			);
			inputPaths = (
				"$(SRCROOT)/Carthage/Build/iOS/Realm.framework",
				"$(SRCROOT)/Carthage/Build/iOS/RealmSwift.framework",
			);
			name = "Run Script";
			outputPaths = (
			);
			runOnlyForDeploymentPostprocessing = 0;
			shellPath = /bin/sh;
			shellScript = "/usr/local/bin/carthage copy-frameworks";
		};
		C5B412AA1FBE6D08006CFDA6 /* ShellScript */ = {
			isa = PBXShellScriptBuildPhase;
			buildActionMask = 2147483647;
			files = (
			);
			inputPaths = (
				"$(SRCROOT)/Carthage/Build/iOS/Realm.framework",
				"$(SRCROOT)/Carthage/Build/iOS/RealmSwift.framework",
			);
			outputPaths = (
			);
			runOnlyForDeploymentPostprocessing = 0;
			shellPath = /bin/sh;
			shellScript = "/usr/local/bin/carthage copy-frameworks";
		};
/* End PBXShellScriptBuildPhase section */

/* Begin PBXSourcesBuildPhase section */
		C55E265E1F40DC17001743E4 /* Sources */ = {
			isa = PBXSourcesBuildPhase;
			buildActionMask = 2147483647;
			files = (
				C55E266D1F40DE02001743E4 /* SnapshotHelper.swift in Sources */,
				C5EFB6CA1FCC806400A064E3 /* BaseTestCase.swift in Sources */,
				C5EFB6C81FCC803300A064E3 /* SearchBarAppearanceTest.swift in Sources */,
			);
			runOnlyForDeploymentPostprocessing = 0;
		};
		C55E266E1F40F100001743E4 /* Sources */ = {
			isa = PBXSourcesBuildPhase;
			buildActionMask = 2147483647;
			files = (
				C59F32FC202D78BF004EA7F4 /* SketchTests.swift in Sources */,
				C59F32FA202D78B1004EA7F4 /* TaskTests.swift in Sources */,
				C5B4A2FF202E2F8800A2E3A1 /* ItemTests.swift in Sources */,
			);
			runOnlyForDeploymentPostprocessing = 0;
		};
		C5A9A89C1F3BB06C00601CFF /* Sources */ = {
			isa = PBXSourcesBuildPhase;
			buildActionMask = 2147483647;
			files = (
				C5A9A8C31F3BD51000601CFF /* ItemsViewController.swift in Sources */,
				C54E52ED1FE436EE0071E504 /* Color.swift in Sources */,
				C5A0D77D1FB7DF98002968F7 /* BaseViewController.swift in Sources */,
				C54E52EF1FE4373F0071E504 /* NSDate.swift in Sources */,
				C54E52F71FE437FF0071E504 /* UIView+Animation.swift in Sources */,
				C54394431FB55E69009EC104 /* BaseCollectionViewCell.swift in Sources */,
				C549CCD01FC92B230039D0D5 /* UICollectionViewMosaicLayout.swift in Sources */,
				C54526C21FE9D8C900A82D62 /* Avatar.swift in Sources */,
				C5F512D11FEB988E00CE59D4 /* Sketch.swift in Sources */,
				F57C4ABD20302D5500F9FE72 /* CompletedTasksViewController.swift in Sources */,
				C5A9A8A41F3BB06C00601CFF /* AppDelegate.swift in Sources */,
				C5AACE411FE4F3C60025AA97 /* AvatarsViewController.swift in Sources */,
				C5418DF31FCB44130063BC2B /* UICollectionViewWaterfallLayout.swift in Sources */,
				C56564C51FA05F30006EEE5E /* PendingTaskCell.swift in Sources */,
				C549CCCC1FC8EE630039D0D5 /* CompletedTaskCell.swift in Sources */,
				C50974361F4EA986007C6EAA /* WebServiceManager.swift in Sources */,
				C53D927A20193D5C00FFFBED /* Constants.swift in Sources */,
				C5A9A8D61F3BE85800601CFF /* Item.swift in Sources */,
				C556EF60201D171700CAB650 /* KeychainPasswordItem.swift in Sources */,
				C5C058B91FEEFAA80035B1D7 /* SaveDataViewController.swift in Sources */,
				C5EC4D0A1F817C2B00DBF675 /* BaseNavigationController.swift in Sources */,
				C55E140B1FD7484400C46BED /* SketchesViewController.swift in Sources */,
				C56BF9231FB61A1E00A2D621 /* MainTasksViewController.swift in Sources */,
				C54E52FD1FE4389E0071E504 /* UITableView+IndexPath.swift in Sources */,
				C54DA6B71FD1B1A50071C3D6 /* PlaceholderBackgroundView.swift in Sources */,
				C5A9A8D81F3C1E7300601CFF /* User.swift in Sources */,
				C5E6CB2F1FC3E69200E8BEA0 /* SearchResultsViewController.swift in Sources */,
				C5AACE431FE4F4CD0025AA97 /* AvatarCell.swift in Sources */,
				F54C3A1A2047C26900699402 /* StarfishFacade.swift in Sources */,
				C54E52F51FE437E70071E504 /* URL+document.swift in Sources */,
				C53B99AC1FB8B98800160BFD /* BaseTableViewCell.swift in Sources */,
				C51BEF181FEF6894003DF481 /* UIViewControllerSlideTransitionCoordinator.swift in Sources */,
				C5EC4D0C1F817C5800DBF675 /* BaseTabBarController.swift in Sources */,
				C5F748B11FAE7076004F2491 /* TaskEditorViewController.swift in Sources */,
				C54E52FB1FE4386C0071E504 /* UICollectionView+IndexPath.swift in Sources */,
				C5EFB6D01FCFD78B00A064E3 /* SoundEffectManager.swift in Sources */,
				F56680612038A5B2000A351E /* WebServiceConfigurations.swift in Sources */,
				C53D92782019206F00FFFBED /* Configs.swift in Sources */,
				C54E52FF1FE438D40071E504 /* Error.swift in Sources */,
				F524AFD72085AE9300BC0A31 /* PopTransitionAnimator.swift in Sources */,
				C5A9A8D41F3BDCBB00601CFF /* RealmManager.swift in Sources */,
				C5A9A8D21F3BD87700601CFF /* Task.swift in Sources */,
				C5C058B51FEECA980035B1D7 /* UIImageView+Image.swift in Sources */,
				C53B99B01FB8FDE300160BFD /* ItemEditorViewController.swift in Sources */,
				C59C36FD1FDE298700FA86CF /* WebsViewController.swift in Sources */,
				C5A545121F4ABE7B0007DC1E /* NotificationManager.swift in Sources */,
				C54E52F91FE438200071E504 /* String.swift in Sources */,
				C5A856451FEC33D300377F06 /* SketchEditorViewController.swift in Sources */,
				F57C4ABB20302D4900F9FE72 /* PendingTasksViewController.swift in Sources */,
				C59C36F71FDD14A300FA86CF /* SettingsViewController.swift in Sources */,
				C5E6CB311FC3E70F00E8BEA0 /* SearchResultCell.swift in Sources */,
				C556EF5C201D141500CAB650 /* CurrentUser.swift in Sources */,
				C5A9A8DF1F3DAFED00601CFF /* ItemCell.swift in Sources */,
				C5421FAC1FDFC999009E78C4 /* SketchCell.swift in Sources */,
			);
			runOnlyForDeploymentPostprocessing = 0;
		};
/* End PBXSourcesBuildPhase section */

/* Begin PBXTargetDependency section */
		C55E26681F40DC17001743E4 /* PBXTargetDependency */ = {
			isa = PBXTargetDependency;
			target = C5A9A89F1F3BB06C00601CFF /* MultiTask */;
			targetProxy = C55E26671F40DC17001743E4 /* PBXContainerItemProxy */;
		};
		C55E26781F40F100001743E4 /* PBXTargetDependency */ = {
			isa = PBXTargetDependency;
			target = C5A9A89F1F3BB06C00601CFF /* MultiTask */;
			targetProxy = C55E26771F40F100001743E4 /* PBXContainerItemProxy */;
		};
/* End PBXTargetDependency section */

/* Begin PBXVariantGroup section */
		C5A9A8A91F3BB06C00601CFF /* Main.storyboard */ = {
			isa = PBXVariantGroup;
			children = (
				C5A9A8AA1F3BB06C00601CFF /* Base */,
			);
			name = Main.storyboard;
			sourceTree = "<group>";
		};
		C5A9A8AE1F3BB06C00601CFF /* LaunchScreen.storyboard */ = {
			isa = PBXVariantGroup;
			children = (
				C5A9A8AF1F3BB06C00601CFF /* Base */,
			);
			name = LaunchScreen.storyboard;
			sourceTree = "<group>";
		};
/* End PBXVariantGroup section */

/* Begin XCBuildConfiguration section */
		C55E266A1F40DC17001743E4 /* Debug */ = {
			isa = XCBuildConfiguration;
			buildSettings = {
				DEVELOPMENT_TEAM = ZLUJC28Y9H;
				FRAMEWORK_SEARCH_PATHS = (
					"$(inherited)",
					"$(PROJECT_DIR)/Carthage/Build/iOS",
				);
				INFOPLIST_FILE = MultiTaskUITests/Info.plist;
				LD_RUNPATH_SEARCH_PATHS = "$(inherited) @executable_path/Frameworks @loader_path/Frameworks";
				PRODUCT_BUNDLE_IDENTIFIER = Duckensburg.MultiTaskUITests;
				PRODUCT_NAME = "$(TARGET_NAME)";
				SWIFT_SWIFT3_OBJC_INFERENCE = Default;
				SWIFT_VERSION = 4.0;
				TEST_TARGET_NAME = MultiTask;
			};
			name = Debug;
		};
		C55E266B1F40DC17001743E4 /* Release */ = {
			isa = XCBuildConfiguration;
			buildSettings = {
				DEVELOPMENT_TEAM = ZLUJC28Y9H;
				FRAMEWORK_SEARCH_PATHS = (
					"$(inherited)",
					"$(PROJECT_DIR)/Carthage/Build/iOS",
				);
				INFOPLIST_FILE = MultiTaskUITests/Info.plist;
				LD_RUNPATH_SEARCH_PATHS = "$(inherited) @executable_path/Frameworks @loader_path/Frameworks";
				PRODUCT_BUNDLE_IDENTIFIER = Duckensburg.MultiTaskUITests;
				PRODUCT_NAME = "$(TARGET_NAME)";
				SWIFT_SWIFT3_OBJC_INFERENCE = Default;
				SWIFT_VERSION = 4.0;
				TEST_TARGET_NAME = MultiTask;
			};
			name = Release;
		};
		C55E267A1F40F100001743E4 /* Debug */ = {
			isa = XCBuildConfiguration;
			buildSettings = {
				BUNDLE_LOADER = "$(TEST_HOST)";
				DEVELOPMENT_TEAM = ZLUJC28Y9H;
				FRAMEWORK_SEARCH_PATHS = (
					"$(inherited)",
					"$(PROJECT_DIR)/Carthage/Build/iOS",
				);
				INFOPLIST_FILE = MultiTaskTests/Info.plist;
				LD_RUNPATH_SEARCH_PATHS = "$(inherited) @executable_path/Frameworks @loader_path/Frameworks";
				PRODUCT_BUNDLE_IDENTIFIER = Duckensburg.MultiTaskTests;
				PRODUCT_NAME = "$(TARGET_NAME)";
				STRIP_INSTALLED_PRODUCT = YES;
				SWIFT_SWIFT3_OBJC_INFERENCE = Default;
				SWIFT_VERSION = 4.0;
				TEST_HOST = "$(BUILT_PRODUCTS_DIR)/MultiTask.app/MultiTask";
			};
			name = Debug;
		};
		C55E267B1F40F100001743E4 /* Release */ = {
			isa = XCBuildConfiguration;
			buildSettings = {
				BUNDLE_LOADER = "$(TEST_HOST)";
				DEVELOPMENT_TEAM = ZLUJC28Y9H;
				FRAMEWORK_SEARCH_PATHS = (
					"$(inherited)",
					"$(PROJECT_DIR)/Carthage/Build/iOS",
				);
				INFOPLIST_FILE = MultiTaskTests/Info.plist;
				LD_RUNPATH_SEARCH_PATHS = "$(inherited) @executable_path/Frameworks @loader_path/Frameworks";
				PRODUCT_BUNDLE_IDENTIFIER = Duckensburg.MultiTaskTests;
				PRODUCT_NAME = "$(TARGET_NAME)";
				STRIP_INSTALLED_PRODUCT = YES;
				SWIFT_SWIFT3_OBJC_INFERENCE = Default;
				SWIFT_VERSION = 4.0;
				TEST_HOST = "$(BUILT_PRODUCTS_DIR)/MultiTask.app/MultiTask";
			};
			name = Release;
		};
		C5A9A8B21F3BB06C00601CFF /* Debug */ = {
			isa = XCBuildConfiguration;
			buildSettings = {
				ALWAYS_SEARCH_USER_PATHS = NO;
				CLANG_ANALYZER_NONNULL = YES;
				CLANG_ANALYZER_NUMBER_OBJECT_CONVERSION = YES_AGGRESSIVE;
				CLANG_CXX_LANGUAGE_STANDARD = "gnu++0x";
				CLANG_CXX_LIBRARY = "libc++";
				CLANG_ENABLE_MODULES = YES;
				CLANG_ENABLE_OBJC_ARC = YES;
				CLANG_WARN_BLOCK_CAPTURE_AUTORELEASING = YES;
				CLANG_WARN_BOOL_CONVERSION = YES;
				CLANG_WARN_COMMA = YES;
				CLANG_WARN_CONSTANT_CONVERSION = YES;
				CLANG_WARN_DIRECT_OBJC_ISA_USAGE = YES_ERROR;
				CLANG_WARN_DOCUMENTATION_COMMENTS = YES;
				CLANG_WARN_EMPTY_BODY = YES;
				CLANG_WARN_ENUM_CONVERSION = YES;
				CLANG_WARN_INFINITE_RECURSION = YES;
				CLANG_WARN_INT_CONVERSION = YES;
				CLANG_WARN_NON_LITERAL_NULL_CONVERSION = YES;
				CLANG_WARN_OBJC_LITERAL_CONVERSION = YES;
				CLANG_WARN_OBJC_ROOT_CLASS = YES_ERROR;
				CLANG_WARN_RANGE_LOOP_ANALYSIS = YES;
				CLANG_WARN_STRICT_PROTOTYPES = YES;
				CLANG_WARN_SUSPICIOUS_MOVE = YES;
				CLANG_WARN_UNREACHABLE_CODE = YES;
				CLANG_WARN__DUPLICATE_METHOD_MATCH = YES;
				"CODE_SIGN_IDENTITY[sdk=iphoneos*]" = "iPhone Developer";
				COPY_PHASE_STRIP = NO;
				DEBUG_INFORMATION_FORMAT = dwarf;
				ENABLE_STRICT_OBJC_MSGSEND = YES;
				ENABLE_TESTABILITY = YES;
				GCC_C_LANGUAGE_STANDARD = gnu99;
				GCC_DYNAMIC_NO_PIC = NO;
				GCC_NO_COMMON_BLOCKS = YES;
				GCC_OPTIMIZATION_LEVEL = 0;
				GCC_PREPROCESSOR_DEFINITIONS = (
					"DEBUG=1",
					"$(inherited)",
				);
				GCC_WARN_64_TO_32_BIT_CONVERSION = YES;
				GCC_WARN_ABOUT_RETURN_TYPE = YES_ERROR;
				GCC_WARN_UNDECLARED_SELECTOR = YES;
				GCC_WARN_UNINITIALIZED_AUTOS = YES_AGGRESSIVE;
				GCC_WARN_UNUSED_FUNCTION = YES;
				GCC_WARN_UNUSED_VARIABLE = YES;
				IPHONEOS_DEPLOYMENT_TARGET = 11.0;
				MTL_ENABLE_DEBUG_INFO = YES;
				ONLY_ACTIVE_ARCH = YES;
				SDKROOT = iphoneos;
				SWIFT_ACTIVE_COMPILATION_CONDITIONS = DEBUG;
				SWIFT_OPTIMIZATION_LEVEL = "-Onone";
				TARGETED_DEVICE_FAMILY = "1,2";
			};
			name = Debug;
		};
		C5A9A8B31F3BB06C00601CFF /* Release */ = {
			isa = XCBuildConfiguration;
			buildSettings = {
				ALWAYS_SEARCH_USER_PATHS = NO;
				CLANG_ANALYZER_NONNULL = YES;
				CLANG_ANALYZER_NUMBER_OBJECT_CONVERSION = YES_AGGRESSIVE;
				CLANG_CXX_LANGUAGE_STANDARD = "gnu++0x";
				CLANG_CXX_LIBRARY = "libc++";
				CLANG_ENABLE_MODULES = YES;
				CLANG_ENABLE_OBJC_ARC = YES;
				CLANG_WARN_BLOCK_CAPTURE_AUTORELEASING = YES;
				CLANG_WARN_BOOL_CONVERSION = YES;
				CLANG_WARN_COMMA = YES;
				CLANG_WARN_CONSTANT_CONVERSION = YES;
				CLANG_WARN_DIRECT_OBJC_ISA_USAGE = YES_ERROR;
				CLANG_WARN_DOCUMENTATION_COMMENTS = YES;
				CLANG_WARN_EMPTY_BODY = YES;
				CLANG_WARN_ENUM_CONVERSION = YES;
				CLANG_WARN_INFINITE_RECURSION = YES;
				CLANG_WARN_INT_CONVERSION = YES;
				CLANG_WARN_NON_LITERAL_NULL_CONVERSION = YES;
				CLANG_WARN_OBJC_LITERAL_CONVERSION = YES;
				CLANG_WARN_OBJC_ROOT_CLASS = YES_ERROR;
				CLANG_WARN_RANGE_LOOP_ANALYSIS = YES;
				CLANG_WARN_STRICT_PROTOTYPES = YES;
				CLANG_WARN_SUSPICIOUS_MOVE = YES;
				CLANG_WARN_UNREACHABLE_CODE = YES;
				CLANG_WARN__DUPLICATE_METHOD_MATCH = YES;
				"CODE_SIGN_IDENTITY[sdk=iphoneos*]" = "iPhone Developer";
				COPY_PHASE_STRIP = NO;
				DEBUG_INFORMATION_FORMAT = "dwarf-with-dsym";
				ENABLE_NS_ASSERTIONS = NO;
				ENABLE_STRICT_OBJC_MSGSEND = YES;
				GCC_C_LANGUAGE_STANDARD = gnu99;
				GCC_NO_COMMON_BLOCKS = YES;
				GCC_WARN_64_TO_32_BIT_CONVERSION = YES;
				GCC_WARN_ABOUT_RETURN_TYPE = YES_ERROR;
				GCC_WARN_UNDECLARED_SELECTOR = YES;
				GCC_WARN_UNINITIALIZED_AUTOS = YES_AGGRESSIVE;
				GCC_WARN_UNUSED_FUNCTION = YES;
				GCC_WARN_UNUSED_VARIABLE = YES;
				IPHONEOS_DEPLOYMENT_TARGET = 11.0;
				MTL_ENABLE_DEBUG_INFO = NO;
				SDKROOT = iphoneos;
				SWIFT_OPTIMIZATION_LEVEL = "-Owholemodule";
				TARGETED_DEVICE_FAMILY = "1,2";
				VALIDATE_PRODUCT = YES;
			};
			name = Release;
		};
		C5A9A8B51F3BB06C00601CFF /* Debug */ = {
			isa = XCBuildConfiguration;
			buildSettings = {
				ASSETCATALOG_COMPILER_APPICON_NAME = AppIcon;
				CODE_SIGN_IDENTITY = "iPhone Developer";
				"CODE_SIGN_IDENTITY[sdk=iphoneos*]" = "iPhone Developer";
				CURRENT_PROJECT_VERSION = 1;
				DEVELOPMENT_TEAM = KKSY22G5PE;
				FRAMEWORK_SEARCH_PATHS = (
					"$(inherited)",
					"$(PROJECT_DIR)",
					"$(PROJECT_DIR)/Carthage/Build/iOS",
				);
				INFOPLIST_FILE = MultiTask/Info.plist;
				IPHONEOS_DEPLOYMENT_TARGET = 11.0;
				LD_RUNPATH_SEARCH_PATHS = "$(inherited) @executable_path/Frameworks";
				OTHER_LDFLAGS = "-lsqlite3.0";
				PRODUCT_BUNDLE_IDENTIFIER = Duckensburg.MultiTask;
				PRODUCT_NAME = "$(TARGET_NAME)";
				PROVISIONING_PROFILE_SPECIFIER = "";
				SWIFT_SWIFT3_OBJC_INFERENCE = Default;
				SWIFT_VERSION = 4.0;
				VERSIONING_SYSTEM = "apple-generic";
			};
			name = Debug;
		};
		C5A9A8B61F3BB06C00601CFF /* Release */ = {
			isa = XCBuildConfiguration;
			buildSettings = {
				ASSETCATALOG_COMPILER_APPICON_NAME = AppIcon;
				CODE_SIGN_IDENTITY = "iPhone Developer";
				"CODE_SIGN_IDENTITY[sdk=iphoneos*]" = "iPhone Developer";
				CURRENT_PROJECT_VERSION = 1;
				DEVELOPMENT_TEAM = KKSY22G5PE;
				FRAMEWORK_SEARCH_PATHS = (
					"$(inherited)",
					"$(PROJECT_DIR)",
					"$(PROJECT_DIR)/Carthage/Build/iOS",
				);
				INFOPLIST_FILE = MultiTask/Info.plist;
				IPHONEOS_DEPLOYMENT_TARGET = 11.0;
				LD_RUNPATH_SEARCH_PATHS = "$(inherited) @executable_path/Frameworks";
				OTHER_LDFLAGS = "-lsqlite3.0";
				PRODUCT_BUNDLE_IDENTIFIER = Duckensburg.MultiTask;
				PRODUCT_NAME = "$(TARGET_NAME)";
				PROVISIONING_PROFILE_SPECIFIER = "";
				SWIFT_SWIFT3_OBJC_INFERENCE = Default;
				SWIFT_VERSION = 4.0;
				VERSIONING_SYSTEM = "apple-generic";
			};
			name = Release;
		};
/* End XCBuildConfiguration section */

/* Begin XCConfigurationList section */
		C55E26691F40DC17001743E4 /* Build configuration list for PBXNativeTarget "MultiTaskUITests" */ = {
			isa = XCConfigurationList;
			buildConfigurations = (
				C55E266A1F40DC17001743E4 /* Debug */,
				C55E266B1F40DC17001743E4 /* Release */,
			);
			defaultConfigurationIsVisible = 0;
			defaultConfigurationName = Release;
		};
		C55E26791F40F100001743E4 /* Build configuration list for PBXNativeTarget "MultiTaskTests" */ = {
			isa = XCConfigurationList;
			buildConfigurations = (
				C55E267A1F40F100001743E4 /* Debug */,
				C55E267B1F40F100001743E4 /* Release */,
			);
			defaultConfigurationIsVisible = 0;
			defaultConfigurationName = Release;
		};
		C5A9A89B1F3BB06C00601CFF /* Build configuration list for PBXProject "MultiTask" */ = {
			isa = XCConfigurationList;
			buildConfigurations = (
				C5A9A8B21F3BB06C00601CFF /* Debug */,
				C5A9A8B31F3BB06C00601CFF /* Release */,
			);
			defaultConfigurationIsVisible = 0;
			defaultConfigurationName = Release;
		};
		C5A9A8B41F3BB06C00601CFF /* Build configuration list for PBXNativeTarget "MultiTask" */ = {
			isa = XCConfigurationList;
			buildConfigurations = (
				C5A9A8B51F3BB06C00601CFF /* Debug */,
				C5A9A8B61F3BB06C00601CFF /* Release */,
			);
			defaultConfigurationIsVisible = 0;
			defaultConfigurationName = Release;
		};
/* End XCConfigurationList section */
	};
	rootObject = C5A9A8981F3BB06C00601CFF /* Project object */;
}
