// !$*UTF8*$!
{
	archiveVersion = 1;
	classes = {
	};
	objectVersion = 46;
	objects = {

/* Begin PBXBuildFile section */
		C50974361F4EA986007C6EAA /* WebServiceManager.swift in Sources */ = {isa = PBXBuildFile; fileRef = C50974351F4EA986007C6EAA /* WebServiceManager.swift */; };
		C52183921F4250EF008B8276 /* NewTaskView.xib in Resources */ = {isa = PBXBuildFile; fileRef = C52183911F4250EF008B8276 /* NewTaskView.xib */; };
		C52183941F4271BC008B8276 /* NewTaskView.swift in Sources */ = {isa = PBXBuildFile; fileRef = C52183931F4271BC008B8276 /* NewTaskView.swift */; };
		C52681F21F8AB65B002BBFD2 /* TaskHeaderView.swift in Sources */ = {isa = PBXBuildFile; fileRef = C52681F11F8AB65B002BBFD2 /* TaskHeaderView.swift */; };
		C52681F41F8AB71D002BBFD2 /* TaskHeaderView.xib in Resources */ = {isa = PBXBuildFile; fileRef = C52681F31F8AB71D002BBFD2 /* TaskHeaderView.xib */; };
		C54B6A1F1F69165900ABC572 /* AppSettings.swift in Sources */ = {isa = PBXBuildFile; fileRef = C54B6A1E1F69165900ABC572 /* AppSettings.swift */; };
		C55E264C1F3F1296001743E4 /* libz.tbd in Frameworks */ = {isa = PBXBuildFile; fileRef = C55E264B1F3F1296001743E4 /* libz.tbd */; };
		C55E264E1F3F12A5001743E4 /* libsqlite3.tbd in Frameworks */ = {isa = PBXBuildFile; fileRef = C55E264D1F3F12A5001743E4 /* libsqlite3.tbd */; };
		C55E26541F3F67FD001743E4 /* AnalyticsManager.swift in Sources */ = {isa = PBXBuildFile; fileRef = C55E26531F3F67FD001743E4 /* AnalyticsManager.swift */; };
		C55E26581F404249001743E4 /* Realm.framework in Frameworks */ = {isa = PBXBuildFile; fileRef = C55E26561F404249001743E4 /* Realm.framework */; };
		C55E26591F404249001743E4 /* Realm.framework in Embed Frameworks */ = {isa = PBXBuildFile; fileRef = C55E26561F404249001743E4 /* Realm.framework */; settings = {ATTRIBUTES = (CodeSignOnCopy, RemoveHeadersOnCopy, ); }; };
		C55E265A1F404249001743E4 /* RealmSwift.framework in Frameworks */ = {isa = PBXBuildFile; fileRef = C55E26571F404249001743E4 /* RealmSwift.framework */; };
		C55E265B1F404249001743E4 /* RealmSwift.framework in Embed Frameworks */ = {isa = PBXBuildFile; fileRef = C55E26571F404249001743E4 /* RealmSwift.framework */; settings = {ATTRIBUTES = (CodeSignOnCopy, RemoveHeadersOnCopy, ); }; };
		C55E26651F40DC17001743E4 /* MultiTaskUITests.swift in Sources */ = {isa = PBXBuildFile; fileRef = C55E26641F40DC17001743E4 /* MultiTaskUITests.swift */; };
		C55E266D1F40DE02001743E4 /* SnapshotHelper.swift in Sources */ = {isa = PBXBuildFile; fileRef = C55E266C1F40DE02001743E4 /* SnapshotHelper.swift */; };
		C55E26751F40F100001743E4 /* MultiTaskTests.swift in Sources */ = {isa = PBXBuildFile; fileRef = C55E26741F40F100001743E4 /* MultiTaskTests.swift */; };
		C587E1981F4F7D3700CC7FF8 /* KeychainManager.swift in Sources */ = {isa = PBXBuildFile; fileRef = C587E1971F4F7D3700CC7FF8 /* KeychainManager.swift */; };
		C587E19D1F4F8C6C00CC7FF8 /* Locksmith.framework in Frameworks */ = {isa = PBXBuildFile; fileRef = C587E19C1F4F8C6C00CC7FF8 /* Locksmith.framework */; };
		C587E19E1F4F8C6C00CC7FF8 /* Locksmith.framework in Embed Frameworks */ = {isa = PBXBuildFile; fileRef = C587E19C1F4F8C6C00CC7FF8 /* Locksmith.framework */; settings = {ATTRIBUTES = (CodeSignOnCopy, RemoveHeadersOnCopy, ); }; };
		C5A545121F4ABE7B0007DC1E /* NotificationManager.swift in Sources */ = {isa = PBXBuildFile; fileRef = C5A545111F4ABE7B0007DC1E /* NotificationManager.swift */; };
		C5A9A8A41F3BB06C00601CFF /* AppDelegate.swift in Sources */ = {isa = PBXBuildFile; fileRef = C5A9A8A31F3BB06C00601CFF /* AppDelegate.swift */; };
		C5A9A8A61F3BB06C00601CFF /* TasksViewController.swift in Sources */ = {isa = PBXBuildFile; fileRef = C5A9A8A51F3BB06C00601CFF /* TasksViewController.swift */; };
		C5A9A8AB1F3BB06C00601CFF /* Main.storyboard in Resources */ = {isa = PBXBuildFile; fileRef = C5A9A8A91F3BB06C00601CFF /* Main.storyboard */; };
		C5A9A8AD1F3BB06C00601CFF /* Assets.xcassets in Resources */ = {isa = PBXBuildFile; fileRef = C5A9A8AC1F3BB06C00601CFF /* Assets.xcassets */; };
		C5A9A8B01F3BB06C00601CFF /* LaunchScreen.storyboard in Resources */ = {isa = PBXBuildFile; fileRef = C5A9A8AE1F3BB06C00601CFF /* LaunchScreen.storyboard */; };
		C5A9A8B81F3BB76B00601CFF /* Utilities.swift in Sources */ = {isa = PBXBuildFile; fileRef = C5A9A8B71F3BB76B00601CFF /* Utilities.swift */; };
		C5A9A8BF1F3BC0A200601CFF /* TaskCell.swift in Sources */ = {isa = PBXBuildFile; fileRef = C5A9A8BE1F3BC0A200601CFF /* TaskCell.swift */; };
		C5A9A8C31F3BD51000601CFF /* ItemsViewController.swift in Sources */ = {isa = PBXBuildFile; fileRef = C5A9A8C21F3BD51000601CFF /* ItemsViewController.swift */; };
		C5A9A8D21F3BD87700601CFF /* Task.swift in Sources */ = {isa = PBXBuildFile; fileRef = C5A9A8D11F3BD87700601CFF /* Task.swift */; };
		C5A9A8D41F3BDCBB00601CFF /* RealmManager.swift in Sources */ = {isa = PBXBuildFile; fileRef = C5A9A8D31F3BDCBB00601CFF /* RealmManager.swift */; };
		C5A9A8D61F3BE85800601CFF /* Item.swift in Sources */ = {isa = PBXBuildFile; fileRef = C5A9A8D51F3BE85800601CFF /* Item.swift */; };
		C5A9A8D81F3C1E7300601CFF /* User.swift in Sources */ = {isa = PBXBuildFile; fileRef = C5A9A8D71F3C1E7300601CFF /* User.swift */; };
		C5A9A8DA1F3C1F5300601CFF /* Session.swift in Sources */ = {isa = PBXBuildFile; fileRef = C5A9A8D91F3C1F5300601CFF /* Session.swift */; };
		C5A9A8DD1F3C2CF100601CFF /* Constants.swift in Sources */ = {isa = PBXBuildFile; fileRef = C5A9A8DC1F3C2CF100601CFF /* Constants.swift */; };
		C5A9A8DF1F3DAFED00601CFF /* ItemCell.swift in Sources */ = {isa = PBXBuildFile; fileRef = C5A9A8DE1F3DAFED00601CFF /* ItemCell.swift */; };
		C5B00E4A1F8361C60032054C /* NotificationCell.swift in Sources */ = {isa = PBXBuildFile; fileRef = C5B00E491F8361C60032054C /* NotificationCell.swift */; };
		C5E1566D1F484473006247C4 /* OnboardingViewController.swift in Sources */ = {isa = PBXBuildFile; fileRef = C5E1566C1F484473006247C4 /* OnboardingViewController.swift */; };
		C5EC4D081F81799D00DBF675 /* NotificationsViewController.swift in Sources */ = {isa = PBXBuildFile; fileRef = C5EC4D071F81799C00DBF675 /* NotificationsViewController.swift */; };
		C5EC4D0A1F817C2B00DBF675 /* DynamicNavigationController.swift in Sources */ = {isa = PBXBuildFile; fileRef = C5EC4D091F817C2B00DBF675 /* DynamicNavigationController.swift */; };
		C5EC4D0C1F817C5800DBF675 /* DynamicTabBarController.swift in Sources */ = {isa = PBXBuildFile; fileRef = C5EC4D0B1F817C5800DBF675 /* DynamicTabBarController.swift */; };
		C5F43B8A1F4AFDE100F702DE /* icon.png in Resources */ = {isa = PBXBuildFile; fileRef = C5F43B891F4AFDE100F702DE /* icon.png */; };
/* End PBXBuildFile section */

/* Begin PBXContainerItemProxy section */
		C55E26671F40DC17001743E4 /* PBXContainerItemProxy */ = {
			isa = PBXContainerItemProxy;
			containerPortal = C5A9A8981F3BB06C00601CFF /* Project object */;
			proxyType = 1;
			remoteGlobalIDString = C5A9A89F1F3BB06C00601CFF;
			remoteInfo = MultiTask;
		};
		C55E26771F40F100001743E4 /* PBXContainerItemProxy */ = {
			isa = PBXContainerItemProxy;
			containerPortal = C5A9A8981F3BB06C00601CFF /* Project object */;
			proxyType = 1;
			remoteGlobalIDString = C5A9A89F1F3BB06C00601CFF;
			remoteInfo = MultiTask;
		};
/* End PBXContainerItemProxy section */

/* Begin PBXCopyFilesBuildPhase section */
		C5A9A8CF1F3BD81C00601CFF /* Embed Frameworks */ = {
			isa = PBXCopyFilesBuildPhase;
			buildActionMask = 2147483647;
			dstPath = "";
			dstSubfolderSpec = 10;
			files = (
				C55E265B1F404249001743E4 /* RealmSwift.framework in Embed Frameworks */,
				C587E19E1F4F8C6C00CC7FF8 /* Locksmith.framework in Embed Frameworks */,
				C55E26591F404249001743E4 /* Realm.framework in Embed Frameworks */,
			);
			name = "Embed Frameworks";
			runOnlyForDeploymentPostprocessing = 0;
		};
/* End PBXCopyFilesBuildPhase section */

/* Begin PBXFileReference section */
		C50974351F4EA986007C6EAA /* WebServiceManager.swift */ = {isa = PBXFileReference; fileEncoding = 4; lastKnownFileType = sourcecode.swift; path = WebServiceManager.swift; sourceTree = "<group>"; };
		C52183911F4250EF008B8276 /* NewTaskView.xib */ = {isa = PBXFileReference; fileEncoding = 4; lastKnownFileType = file.xib; path = NewTaskView.xib; sourceTree = "<group>"; };
		C52183931F4271BC008B8276 /* NewTaskView.swift */ = {isa = PBXFileReference; fileEncoding = 4; lastKnownFileType = sourcecode.swift; path = NewTaskView.swift; sourceTree = "<group>"; };
		C52681F11F8AB65B002BBFD2 /* TaskHeaderView.swift */ = {isa = PBXFileReference; lastKnownFileType = sourcecode.swift; path = TaskHeaderView.swift; sourceTree = "<group>"; };
		C52681F31F8AB71D002BBFD2 /* TaskHeaderView.xib */ = {isa = PBXFileReference; lastKnownFileType = file.xib; path = TaskHeaderView.xib; sourceTree = "<group>"; };
		C54B6A1E1F69165900ABC572 /* AppSettings.swift */ = {isa = PBXFileReference; fileEncoding = 4; lastKnownFileType = sourcecode.swift; path = AppSettings.swift; sourceTree = "<group>"; };
		C55E264B1F3F1296001743E4 /* libz.tbd */ = {isa = PBXFileReference; lastKnownFileType = "sourcecode.text-based-dylib-definition"; name = libz.tbd; path = usr/lib/libz.tbd; sourceTree = SDKROOT; };
		C55E264D1F3F12A5001743E4 /* libsqlite3.tbd */ = {isa = PBXFileReference; lastKnownFileType = "sourcecode.text-based-dylib-definition"; name = libsqlite3.tbd; path = usr/lib/libsqlite3.tbd; sourceTree = SDKROOT; };
		C55E26531F3F67FD001743E4 /* AnalyticsManager.swift */ = {isa = PBXFileReference; fileEncoding = 4; lastKnownFileType = sourcecode.swift; path = AnalyticsManager.swift; sourceTree = "<group>"; };
		C55E26561F404249001743E4 /* Realm.framework */ = {isa = PBXFileReference; lastKnownFileType = wrapper.framework; name = Realm.framework; path = Carthage/Build/iOS/Realm.framework; sourceTree = "<group>"; };
		C55E26571F404249001743E4 /* RealmSwift.framework */ = {isa = PBXFileReference; lastKnownFileType = wrapper.framework; name = RealmSwift.framework; path = Carthage/Build/iOS/RealmSwift.framework; sourceTree = "<group>"; };
		C55E26621F40DC17001743E4 /* MultiTaskUITests.xctest */ = {isa = PBXFileReference; explicitFileType = wrapper.cfbundle; includeInIndex = 0; path = MultiTaskUITests.xctest; sourceTree = BUILT_PRODUCTS_DIR; };
		C55E26641F40DC17001743E4 /* MultiTaskUITests.swift */ = {isa = PBXFileReference; lastKnownFileType = sourcecode.swift; path = MultiTaskUITests.swift; sourceTree = "<group>"; };
		C55E26661F40DC17001743E4 /* Info.plist */ = {isa = PBXFileReference; lastKnownFileType = text.plist.xml; path = Info.plist; sourceTree = "<group>"; };
		C55E266C1F40DE02001743E4 /* SnapshotHelper.swift */ = {isa = PBXFileReference; fileEncoding = 4; lastKnownFileType = sourcecode.swift; path = SnapshotHelper.swift; sourceTree = "<group>"; };
		C55E26721F40F100001743E4 /* MultiTaskTests.xctest */ = {isa = PBXFileReference; explicitFileType = wrapper.cfbundle; includeInIndex = 0; path = MultiTaskTests.xctest; sourceTree = BUILT_PRODUCTS_DIR; };
		C55E26741F40F100001743E4 /* MultiTaskTests.swift */ = {isa = PBXFileReference; lastKnownFileType = sourcecode.swift; path = MultiTaskTests.swift; sourceTree = "<group>"; };
		C55E26761F40F100001743E4 /* Info.plist */ = {isa = PBXFileReference; lastKnownFileType = text.plist.xml; path = Info.plist; sourceTree = "<group>"; };
		C587E1971F4F7D3700CC7FF8 /* KeychainManager.swift */ = {isa = PBXFileReference; fileEncoding = 4; lastKnownFileType = sourcecode.swift; path = KeychainManager.swift; sourceTree = "<group>"; };
		C587E19C1F4F8C6C00CC7FF8 /* Locksmith.framework */ = {isa = PBXFileReference; lastKnownFileType = wrapper.framework; name = Locksmith.framework; path = Carthage/Build/iOS/Locksmith.framework; sourceTree = "<group>"; };
		C5A545111F4ABE7B0007DC1E /* NotificationManager.swift */ = {isa = PBXFileReference; fileEncoding = 4; lastKnownFileType = sourcecode.swift; path = NotificationManager.swift; sourceTree = "<group>"; };
		C5A9A8A01F3BB06C00601CFF /* MultiTask.app */ = {isa = PBXFileReference; explicitFileType = wrapper.application; includeInIndex = 0; path = MultiTask.app; sourceTree = BUILT_PRODUCTS_DIR; };
		C5A9A8A31F3BB06C00601CFF /* AppDelegate.swift */ = {isa = PBXFileReference; lastKnownFileType = sourcecode.swift; path = AppDelegate.swift; sourceTree = "<group>"; };
		C5A9A8A51F3BB06C00601CFF /* TasksViewController.swift */ = {isa = PBXFileReference; lastKnownFileType = sourcecode.swift; path = TasksViewController.swift; sourceTree = "<group>"; };
		C5A9A8AA1F3BB06C00601CFF /* Base */ = {isa = PBXFileReference; lastKnownFileType = file.storyboard; name = Base; path = Base.lproj/Main.storyboard; sourceTree = "<group>"; };
		C5A9A8AC1F3BB06C00601CFF /* Assets.xcassets */ = {isa = PBXFileReference; lastKnownFileType = folder.assetcatalog; path = Assets.xcassets; sourceTree = "<group>"; };
		C5A9A8AF1F3BB06C00601CFF /* Base */ = {isa = PBXFileReference; lastKnownFileType = file.storyboard; name = Base; path = Base.lproj/LaunchScreen.storyboard; sourceTree = "<group>"; };
		C5A9A8B11F3BB06C00601CFF /* Info.plist */ = {isa = PBXFileReference; lastKnownFileType = text.plist.xml; path = Info.plist; sourceTree = "<group>"; };
		C5A9A8B71F3BB76B00601CFF /* Utilities.swift */ = {isa = PBXFileReference; fileEncoding = 4; lastKnownFileType = sourcecode.swift; path = Utilities.swift; sourceTree = "<group>"; };
		C5A9A8BE1F3BC0A200601CFF /* TaskCell.swift */ = {isa = PBXFileReference; fileEncoding = 4; lastKnownFileType = sourcecode.swift; path = TaskCell.swift; sourceTree = "<group>"; };
		C5A9A8C21F3BD51000601CFF /* ItemsViewController.swift */ = {isa = PBXFileReference; fileEncoding = 4; lastKnownFileType = sourcecode.swift; path = ItemsViewController.swift; sourceTree = "<group>"; };
		C5A9A8D11F3BD87700601CFF /* Task.swift */ = {isa = PBXFileReference; fileEncoding = 4; lastKnownFileType = sourcecode.swift; path = Task.swift; sourceTree = "<group>"; };
		C5A9A8D31F3BDCBB00601CFF /* RealmManager.swift */ = {isa = PBXFileReference; fileEncoding = 4; lastKnownFileType = sourcecode.swift; path = RealmManager.swift; sourceTree = "<group>"; };
		C5A9A8D51F3BE85800601CFF /* Item.swift */ = {isa = PBXFileReference; fileEncoding = 4; lastKnownFileType = sourcecode.swift; path = Item.swift; sourceTree = "<group>"; };
		C5A9A8D71F3C1E7300601CFF /* User.swift */ = {isa = PBXFileReference; fileEncoding = 4; lastKnownFileType = sourcecode.swift; path = User.swift; sourceTree = "<group>"; };
		C5A9A8D91F3C1F5300601CFF /* Session.swift */ = {isa = PBXFileReference; fileEncoding = 4; lastKnownFileType = sourcecode.swift; path = Session.swift; sourceTree = "<group>"; };
		C5A9A8DC1F3C2CF100601CFF /* Constants.swift */ = {isa = PBXFileReference; fileEncoding = 4; lastKnownFileType = sourcecode.swift; path = Constants.swift; sourceTree = "<group>"; };
		C5A9A8DE1F3DAFED00601CFF /* ItemCell.swift */ = {isa = PBXFileReference; fileEncoding = 4; lastKnownFileType = sourcecode.swift; path = ItemCell.swift; sourceTree = "<group>"; };
		C5B00E491F8361C60032054C /* NotificationCell.swift */ = {isa = PBXFileReference; lastKnownFileType = sourcecode.swift; path = NotificationCell.swift; sourceTree = "<group>"; };
		C5E1566C1F484473006247C4 /* OnboardingViewController.swift */ = {isa = PBXFileReference; fileEncoding = 4; lastKnownFileType = sourcecode.swift; path = OnboardingViewController.swift; sourceTree = "<group>"; };
		C5EC4D071F81799C00DBF675 /* NotificationsViewController.swift */ = {isa = PBXFileReference; lastKnownFileType = sourcecode.swift; path = NotificationsViewController.swift; sourceTree = "<group>"; };
		C5EC4D091F817C2B00DBF675 /* DynamicNavigationController.swift */ = {isa = PBXFileReference; lastKnownFileType = sourcecode.swift; path = DynamicNavigationController.swift; sourceTree = "<group>"; };
		C5EC4D0B1F817C5800DBF675 /* DynamicTabBarController.swift */ = {isa = PBXFileReference; lastKnownFileType = sourcecode.swift; path = DynamicTabBarController.swift; sourceTree = "<group>"; };
		C5F43B891F4AFDE100F702DE /* icon.png */ = {isa = PBXFileReference; lastKnownFileType = image.png; path = icon.png; sourceTree = "<group>"; };
/* End PBXFileReference section */

/* Begin PBXFrameworksBuildPhase section */
		C55E265F1F40DC17001743E4 /* Frameworks */ = {
			isa = PBXFrameworksBuildPhase;
			buildActionMask = 2147483647;
			files = (
			);
			runOnlyForDeploymentPostprocessing = 0;
		};
		C55E266F1F40F100001743E4 /* Frameworks */ = {
			isa = PBXFrameworksBuildPhase;
			buildActionMask = 2147483647;
			files = (
			);
			runOnlyForDeploymentPostprocessing = 0;
		};
		C5A9A89D1F3BB06C00601CFF /* Frameworks */ = {
			isa = PBXFrameworksBuildPhase;
			buildActionMask = 2147483647;
			files = (
				C55E264E1F3F12A5001743E4 /* libsqlite3.tbd in Frameworks */,
				C55E264C1F3F1296001743E4 /* libz.tbd in Frameworks */,
				C55E265A1F404249001743E4 /* RealmSwift.framework in Frameworks */,
				C587E19D1F4F8C6C00CC7FF8 /* Locksmith.framework in Frameworks */,
				C55E26581F404249001743E4 /* Realm.framework in Frameworks */,
			);
			runOnlyForDeploymentPostprocessing = 0;
		};
/* End PBXFrameworksBuildPhase section */

/* Begin PBXGroup section */
		C509742F1F4EA655007C6EAA /* MultiTask macOS */ = {
			isa = PBXGroup;
			children = (
			);
			name = "MultiTask macOS";
			sourceTree = "<group>";
		};
		C54B6A261F6C984B00ABC572 /* MultiTask watchOS */ = {
			isa = PBXGroup;
			children = (
			);
			name = "MultiTask watchOS";
			sourceTree = "<group>";
		};
		C55E26631F40DC17001743E4 /* MultiTaskUITests */ = {
			isa = PBXGroup;
			children = (
				C55E266C1F40DE02001743E4 /* SnapshotHelper.swift */,
				C55E26641F40DC17001743E4 /* MultiTaskUITests.swift */,
				C55E26661F40DC17001743E4 /* Info.plist */,
			);
			path = MultiTaskUITests;
			sourceTree = SOURCE_ROOT;
		};
		C55E26731F40F100001743E4 /* MultiTaskTests */ = {
			isa = PBXGroup;
			children = (
				C55E26741F40F100001743E4 /* MultiTaskTests.swift */,
				C55E26761F40F100001743E4 /* Info.plist */,
			);
			path = MultiTaskTests;
			sourceTree = SOURCE_ROOT;
		};
		C5A9A8971F3BB06C00601CFF = {
			isa = PBXGroup;
			children = (
				C5A9A8DB1F3C2CCB00601CFF /* Shared */,
				C5A9A8A21F3BB06C00601CFF /* MultiTask iOS */,
				C509742F1F4EA655007C6EAA /* MultiTask macOS */,
				C54B6A261F6C984B00ABC572 /* MultiTask watchOS */,
				C5A9A8A11F3BB06C00601CFF /* Products */,
			);
			sourceTree = "<group>";
		};
		C5A9A8A11F3BB06C00601CFF /* Products */ = {
			isa = PBXGroup;
			children = (
				C5A9A8A01F3BB06C00601CFF /* MultiTask.app */,
				C55E26621F40DC17001743E4 /* MultiTaskUITests.xctest */,
				C55E26721F40F100001743E4 /* MultiTaskTests.xctest */,
			);
			name = Products;
			sourceTree = "<group>";
		};
		C5A9A8A21F3BB06C00601CFF /* MultiTask iOS */ = {
			isa = PBXGroup;
			children = (
				C5A9A8A31F3BB06C00601CFF /* AppDelegate.swift */,
				C5A9A8BD1F3BC09500601CFF /* Views */,
				C5A9A8B91F3BC06800601CFF /* Controllers */,
				C5A9A8BA1F3BC07B00601CFF /* Storyboards */,
				C5A9A8BB1F3BC08300601CFF /* Supporting Files */,
				C5A9A8C81F3BD7D300601CFF /* Frameworks */,
				C55E26631F40DC17001743E4 /* MultiTaskUITests */,
				C55E26731F40F100001743E4 /* MultiTaskTests */,
			);
			name = "MultiTask iOS";
			path = MultiTask;
			sourceTree = "<group>";
		};
		C5A9A8B91F3BC06800601CFF /* Controllers */ = {
			isa = PBXGroup;
			children = (
				C5E1566C1F484473006247C4 /* OnboardingViewController.swift */,
				C5EC4D091F817C2B00DBF675 /* DynamicNavigationController.swift */,
				C5EC4D0B1F817C5800DBF675 /* DynamicTabBarController.swift */,
				C5A9A8A51F3BB06C00601CFF /* TasksViewController.swift */,
				C5A9A8C21F3BD51000601CFF /* ItemsViewController.swift */,
				C5EC4D071F81799C00DBF675 /* NotificationsViewController.swift */,
			);
			name = Controllers;
			sourceTree = "<group>";
		};
		C5A9A8BA1F3BC07B00601CFF /* Storyboards */ = {
			isa = PBXGroup;
			children = (
				C5A9A8A91F3BB06C00601CFF /* Main.storyboard */,
				C5A9A8AE1F3BB06C00601CFF /* LaunchScreen.storyboard */,
				C52183911F4250EF008B8276 /* NewTaskView.xib */,
				C52681F31F8AB71D002BBFD2 /* TaskHeaderView.xib */,
			);
			name = Storyboards;
			sourceTree = "<group>";
		};
		C5A9A8BB1F3BC08300601CFF /* Supporting Files */ = {
			isa = PBXGroup;
			children = (
				C5F43B891F4AFDE100F702DE /* icon.png */,
				C5A9A8AC1F3BB06C00601CFF /* Assets.xcassets */,
				C5A9A8B11F3BB06C00601CFF /* Info.plist */,
			);
			name = "Supporting Files";
			sourceTree = "<group>";
		};
		C5A9A8BC1F3BC08D00601CFF /* Helpers */ = {
			isa = PBXGroup;
			children = (
				C5A9A8D31F3BDCBB00601CFF /* RealmManager.swift */,
				C50974351F4EA986007C6EAA /* WebServiceManager.swift */,
				C55E26531F3F67FD001743E4 /* AnalyticsManager.swift */,
				C5A545111F4ABE7B0007DC1E /* NotificationManager.swift */,
				C587E1971F4F7D3700CC7FF8 /* KeychainManager.swift */,
				C5A9A8B71F3BB76B00601CFF /* Utilities.swift */,
				C5A9A8DC1F3C2CF100601CFF /* Constants.swift */,
			);
			name = Helpers;
			path = MultiTask;
			sourceTree = "<group>";
		};
		C5A9A8BD1F3BC09500601CFF /* Views */ = {
			isa = PBXGroup;
			children = (
				C5A9A8BE1F3BC0A200601CFF /* TaskCell.swift */,
				C5A9A8DE1F3DAFED00601CFF /* ItemCell.swift */,
				C52183931F4271BC008B8276 /* NewTaskView.swift */,
				C5B00E491F8361C60032054C /* NotificationCell.swift */,
				C52681F11F8AB65B002BBFD2 /* TaskHeaderView.swift */,
			);
			name = Views;
			sourceTree = "<group>";
		};
		C5A9A8C61F3BD78000601CFF /* Models */ = {
			isa = PBXGroup;
			children = (
				C5A9A8D71F3C1E7300601CFF /* User.swift */,
				C5A9A8D91F3C1F5300601CFF /* Session.swift */,
				C5A9A8D11F3BD87700601CFF /* Task.swift */,
				C5A9A8D51F3BE85800601CFF /* Item.swift */,
				C54B6A1E1F69165900ABC572 /* AppSettings.swift */,
			);
			name = Models;
			path = MultiTask;
			sourceTree = "<group>";
		};
		C5A9A8C81F3BD7D300601CFF /* Frameworks */ = {
			isa = PBXGroup;
			children = (
				C55E264D1F3F12A5001743E4 /* libsqlite3.tbd */,
				C55E264B1F3F1296001743E4 /* libz.tbd */,
				C587E19C1F4F8C6C00CC7FF8 /* Locksmith.framework */,
				C55E26561F404249001743E4 /* Realm.framework */,
				C55E26571F404249001743E4 /* RealmSwift.framework */,
			);
			name = Frameworks;
			path = ..;
			sourceTree = "<group>";
		};
		C5A9A8DB1F3C2CCB00601CFF /* Shared */ = {
			isa = PBXGroup;
			children = (
				C5A9A8BC1F3BC08D00601CFF /* Helpers */,
				C5A9A8C61F3BD78000601CFF /* Models */,
			);
			name = Shared;
			sourceTree = "<group>";
		};
/* End PBXGroup section */

/* Begin PBXNativeTarget section */
		C55E26611F40DC17001743E4 /* MultiTaskUITests */ = {
			isa = PBXNativeTarget;
			buildConfigurationList = C55E26691F40DC17001743E4 /* Build configuration list for PBXNativeTarget "MultiTaskUITests" */;
			buildPhases = (
				C55E265E1F40DC17001743E4 /* Sources */,
				C55E265F1F40DC17001743E4 /* Frameworks */,
				C55E26601F40DC17001743E4 /* Resources */,
			);
			buildRules = (
			);
			dependencies = (
				C55E26681F40DC17001743E4 /* PBXTargetDependency */,
			);
			name = MultiTaskUITests;
			productName = MultiTaskUITests;
			productReference = C55E26621F40DC17001743E4 /* MultiTaskUITests.xctest */;
			productType = "com.apple.product-type.bundle.ui-testing";
		};
		C55E26711F40F100001743E4 /* MultiTaskTests */ = {
			isa = PBXNativeTarget;
			buildConfigurationList = C55E26791F40F100001743E4 /* Build configuration list for PBXNativeTarget "MultiTaskTests" */;
			buildPhases = (
				C55E266E1F40F100001743E4 /* Sources */,
				C55E266F1F40F100001743E4 /* Frameworks */,
				C55E26701F40F100001743E4 /* Resources */,
			);
			buildRules = (
			);
			dependencies = (
				C55E26781F40F100001743E4 /* PBXTargetDependency */,
			);
			name = MultiTaskTests;
			productName = MultiTaskTests;
			productReference = C55E26721F40F100001743E4 /* MultiTaskTests.xctest */;
			productType = "com.apple.product-type.bundle.unit-test";
		};
		C5A9A89F1F3BB06C00601CFF /* MultiTask */ = {
			isa = PBXNativeTarget;
			buildConfigurationList = C5A9A8B41F3BB06C00601CFF /* Build configuration list for PBXNativeTarget "MultiTask" */;
			buildPhases = (
				C5A9A89C1F3BB06C00601CFF /* Sources */,
				C5A9A89D1F3BB06C00601CFF /* Frameworks */,
				C5A9A89E1F3BB06C00601CFF /* Resources */,
				C5A9A8CF1F3BD81C00601CFF /* Embed Frameworks */,
				C55E265C1F404484001743E4 /* ShellScript */,
			);
			buildRules = (
			);
			dependencies = (
			);
			name = MultiTask;
			productName = MultiTask;
			productReference = C5A9A8A01F3BB06C00601CFF /* MultiTask.app */;
			productType = "com.apple.product-type.application";
		};
/* End PBXNativeTarget section */

/* Begin PBXProject section */
		C5A9A8981F3BB06C00601CFF /* Project object */ = {
			isa = PBXProject;
			attributes = {
				LastSwiftUpdateCheck = 0830;
				LastUpgradeCheck = 0830;
				ORGANIZATIONNAME = Duckensburg;
				TargetAttributes = {
					C55E26611F40DC17001743E4 = {
						CreatedOnToolsVersion = 8.3.3;
						DevelopmentTeam = ZLUJC28Y9H;
						ProvisioningStyle = Automatic;
						TestTargetID = C5A9A89F1F3BB06C00601CFF;
					};
					C55E26711F40F100001743E4 = {
						CreatedOnToolsVersion = 8.3.3;
						DevelopmentTeam = ZLUJC28Y9H;
						ProvisioningStyle = Automatic;
						TestTargetID = C5A9A89F1F3BB06C00601CFF;
					};
					C5A9A89F1F3BB06C00601CFF = {
						CreatedOnToolsVersion = 8.3.3;
						DevelopmentTeam = LUU7Q496SS;
						ProvisioningStyle = Automatic;
					};
				};
			};
			buildConfigurationList = C5A9A89B1F3BB06C00601CFF /* Build configuration list for PBXProject "MultiTask" */;
			compatibilityVersion = "Xcode 3.2";
			developmentRegion = English;
			hasScannedForEncodings = 0;
			knownRegions = (
				en,
				Base,
			);
			mainGroup = C5A9A8971F3BB06C00601CFF;
			productRefGroup = C5A9A8A11F3BB06C00601CFF /* Products */;
			projectDirPath = "";
			projectRoot = "";
			targets = (
				C5A9A89F1F3BB06C00601CFF /* MultiTask */,
				C55E26611F40DC17001743E4 /* MultiTaskUITests */,
				C55E26711F40F100001743E4 /* MultiTaskTests */,
			);
		};
/* End PBXProject section */

/* Begin PBXResourcesBuildPhase section */
		C55E26601F40DC17001743E4 /* Resources */ = {
			isa = PBXResourcesBuildPhase;
			buildActionMask = 2147483647;
			files = (
			);
			runOnlyForDeploymentPostprocessing = 0;
		};
		C55E26701F40F100001743E4 /* Resources */ = {
			isa = PBXResourcesBuildPhase;
			buildActionMask = 2147483647;
			files = (
			);
			runOnlyForDeploymentPostprocessing = 0;
		};
		C5A9A89E1F3BB06C00601CFF /* Resources */ = {
			isa = PBXResourcesBuildPhase;
			buildActionMask = 2147483647;
			files = (
				C52183921F4250EF008B8276 /* NewTaskView.xib in Resources */,
				C5A9A8B01F3BB06C00601CFF /* LaunchScreen.storyboard in Resources */,
				C5A9A8AD1F3BB06C00601CFF /* Assets.xcassets in Resources */,
				C5F43B8A1F4AFDE100F702DE /* icon.png in Resources */,
				C52681F41F8AB71D002BBFD2 /* TaskHeaderView.xib in Resources */,
				C5A9A8AB1F3BB06C00601CFF /* Main.storyboard in Resources */,
			);
			runOnlyForDeploymentPostprocessing = 0;
		};
/* End PBXResourcesBuildPhase section */

/* Begin PBXShellScriptBuildPhase section */
		C55E265C1F404484001743E4 /* ShellScript */ = {
			isa = PBXShellScriptBuildPhase;
			buildActionMask = 2147483647;
			files = (
			);
			inputPaths = (
				"$(SRCROOT)/Carthage/Build/iOS/Realm.framework",
				"$(SRCROOT)/Carthage/Build/iOS/RealmSwift.framework",
			);
			outputPaths = (
			);
			runOnlyForDeploymentPostprocessing = 0;
			shellPath = /bin/sh;
			shellScript = "/usr/local/bin/carthage copy-frameworks";
		};
/* End PBXShellScriptBuildPhase section */

/* Begin PBXSourcesBuildPhase section */
		C55E265E1F40DC17001743E4 /* Sources */ = {
			isa = PBXSourcesBuildPhase;
			buildActionMask = 2147483647;
			files = (
				C55E26651F40DC17001743E4 /* MultiTaskUITests.swift in Sources */,
				C55E266D1F40DE02001743E4 /* SnapshotHelper.swift in Sources */,
			);
			runOnlyForDeploymentPostprocessing = 0;
		};
		C55E266E1F40F100001743E4 /* Sources */ = {
			isa = PBXSourcesBuildPhase;
			buildActionMask = 2147483647;
			files = (
				C55E26751F40F100001743E4 /* MultiTaskTests.swift in Sources */,
			);
			runOnlyForDeploymentPostprocessing = 0;
		};
		C5A9A89C1F3BB06C00601CFF /* Sources */ = {
			isa = PBXSourcesBuildPhase;
			buildActionMask = 2147483647;
			files = (
				C5A9A8BF1F3BC0A200601CFF /* TaskCell.swift in Sources */,
				C5A9A8C31F3BD51000601CFF /* ItemsViewController.swift in Sources */,
				C5B00E4A1F8361C60032054C /* NotificationCell.swift in Sources */,
				C5EC4D081F81799D00DBF675 /* NotificationsViewController.swift in Sources */,
				C52183941F4271BC008B8276 /* NewTaskView.swift in Sources */,
				C55E26541F3F67FD001743E4 /* AnalyticsManager.swift in Sources */,
				C5A9A8A41F3BB06C00601CFF /* AppDelegate.swift in Sources */,
				C5A9A8B81F3BB76B00601CFF /* Utilities.swift in Sources */,
				C5E1566D1F484473006247C4 /* OnboardingViewController.swift in Sources */,
				C50974361F4EA986007C6EAA /* WebServiceManager.swift in Sources */,
				C5A9A8D61F3BE85800601CFF /* Item.swift in Sources */,
				C5EC4D0A1F817C2B00DBF675 /* DynamicNavigationController.swift in Sources */,
				C5A9A8DA1F3C1F5300601CFF /* Session.swift in Sources */,
				C5A9A8A61F3BB06C00601CFF /* TasksViewController.swift in Sources */,
				C5A9A8D81F3C1E7300601CFF /* User.swift in Sources */,
				C5EC4D0C1F817C5800DBF675 /* DynamicTabBarController.swift in Sources */,
				C54B6A1F1F69165900ABC572 /* AppSettings.swift in Sources */,
				C5A9A8D41F3BDCBB00601CFF /* RealmManager.swift in Sources */,
				C5A9A8DD1F3C2CF100601CFF /* Constants.swift in Sources */,
				C5A9A8D21F3BD87700601CFF /* Task.swift in Sources */,
				C587E1981F4F7D3700CC7FF8 /* KeychainManager.swift in Sources */,
				C5A545121F4ABE7B0007DC1E /* NotificationManager.swift in Sources */,
				C52681F21F8AB65B002BBFD2 /* TaskHeaderView.swift in Sources */,
				C5A9A8DF1F3DAFED00601CFF /* ItemCell.swift in Sources */,
			);
			runOnlyForDeploymentPostprocessing = 0;
		};
/* End PBXSourcesBuildPhase section */

/* Begin PBXTargetDependency section */
		C55E26681F40DC17001743E4 /* PBXTargetDependency */ = {
			isa = PBXTargetDependency;
			target = C5A9A89F1F3BB06C00601CFF /* MultiTask */;
			targetProxy = C55E26671F40DC17001743E4 /* PBXContainerItemProxy */;
		};
		C55E26781F40F100001743E4 /* PBXTargetDependency */ = {
			isa = PBXTargetDependency;
			target = C5A9A89F1F3BB06C00601CFF /* MultiTask */;
			targetProxy = C55E26771F40F100001743E4 /* PBXContainerItemProxy */;
		};
/* End PBXTargetDependency section */

/* Begin PBXVariantGroup section */
		C5A9A8A91F3BB06C00601CFF /* Main.storyboard */ = {
			isa = PBXVariantGroup;
			children = (
				C5A9A8AA1F3BB06C00601CFF /* Base */,
			);
			name = Main.storyboard;
			sourceTree = "<group>";
		};
		C5A9A8AE1F3BB06C00601CFF /* LaunchScreen.storyboard */ = {
			isa = PBXVariantGroup;
			children = (
				C5A9A8AF1F3BB06C00601CFF /* Base */,
			);
			name = LaunchScreen.storyboard;
			sourceTree = "<group>";
		};
/* End PBXVariantGroup section */

/* Begin XCBuildConfiguration section */
		C55E266A1F40DC17001743E4 /* Debug */ = {
			isa = XCBuildConfiguration;
			buildSettings = {
				DEVELOPMENT_TEAM = ZLUJC28Y9H;
				INFOPLIST_FILE = MultiTaskUITests/Info.plist;
				LD_RUNPATH_SEARCH_PATHS = "$(inherited) @executable_path/Frameworks @loader_path/Frameworks";
				PRODUCT_BUNDLE_IDENTIFIER = Duckensburg.MultiTaskUITests;
				PRODUCT_NAME = "$(TARGET_NAME)";
				SWIFT_VERSION = 3.0;
				TEST_TARGET_NAME = MultiTask;
			};
			name = Debug;
		};
		C55E266B1F40DC17001743E4 /* Release */ = {
			isa = XCBuildConfiguration;
			buildSettings = {
				DEVELOPMENT_TEAM = ZLUJC28Y9H;
				INFOPLIST_FILE = MultiTaskUITests/Info.plist;
				LD_RUNPATH_SEARCH_PATHS = "$(inherited) @executable_path/Frameworks @loader_path/Frameworks";
				PRODUCT_BUNDLE_IDENTIFIER = Duckensburg.MultiTaskUITests;
				PRODUCT_NAME = "$(TARGET_NAME)";
				SWIFT_VERSION = 3.0;
				TEST_TARGET_NAME = MultiTask;
			};
			name = Release;
		};
		C55E267A1F40F100001743E4 /* Debug */ = {
			isa = XCBuildConfiguration;
			buildSettings = {
				BUNDLE_LOADER = "$(TEST_HOST)";
				DEVELOPMENT_TEAM = ZLUJC28Y9H;
				INFOPLIST_FILE = MultiTaskTests/Info.plist;
				LD_RUNPATH_SEARCH_PATHS = "$(inherited) @executable_path/Frameworks @loader_path/Frameworks";
				PRODUCT_BUNDLE_IDENTIFIER = Duckensburg.MultiTaskTests;
				PRODUCT_NAME = "$(TARGET_NAME)";
				SWIFT_VERSION = 3.0;
				TEST_HOST = "$(BUILT_PRODUCTS_DIR)/MultiTask.app/MultiTask";
			};
			name = Debug;
		};
		C55E267B1F40F100001743E4 /* Release */ = {
			isa = XCBuildConfiguration;
			buildSettings = {
				BUNDLE_LOADER = "$(TEST_HOST)";
				DEVELOPMENT_TEAM = ZLUJC28Y9H;
				INFOPLIST_FILE = MultiTaskTests/Info.plist;
				LD_RUNPATH_SEARCH_PATHS = "$(inherited) @executable_path/Frameworks @loader_path/Frameworks";
				PRODUCT_BUNDLE_IDENTIFIER = Duckensburg.MultiTaskTests;
				PRODUCT_NAME = "$(TARGET_NAME)";
				SWIFT_VERSION = 3.0;
				TEST_HOST = "$(BUILT_PRODUCTS_DIR)/MultiTask.app/MultiTask";
			};
			name = Release;
		};
		C5A9A8B21F3BB06C00601CFF /* Debug */ = {
			isa = XCBuildConfiguration;
			buildSettings = {
				ALWAYS_SEARCH_USER_PATHS = NO;
				CLANG_ANALYZER_NONNULL = YES;
				CLANG_ANALYZER_NUMBER_OBJECT_CONVERSION = YES_AGGRESSIVE;
				CLANG_CXX_LANGUAGE_STANDARD = "gnu++0x";
				CLANG_CXX_LIBRARY = "libc++";
				CLANG_ENABLE_MODULES = YES;
				CLANG_ENABLE_OBJC_ARC = YES;
				CLANG_WARN_BOOL_CONVERSION = YES;
				CLANG_WARN_CONSTANT_CONVERSION = YES;
				CLANG_WARN_DIRECT_OBJC_ISA_USAGE = YES_ERROR;
				CLANG_WARN_DOCUMENTATION_COMMENTS = YES;
				CLANG_WARN_EMPTY_BODY = YES;
				CLANG_WARN_ENUM_CONVERSION = YES;
				CLANG_WARN_INFINITE_RECURSION = YES;
				CLANG_WARN_INT_CONVERSION = YES;
				CLANG_WARN_OBJC_ROOT_CLASS = YES_ERROR;
				CLANG_WARN_SUSPICIOUS_MOVE = YES;
				CLANG_WARN_UNREACHABLE_CODE = YES;
				CLANG_WARN__DUPLICATE_METHOD_MATCH = YES;
				"CODE_SIGN_IDENTITY[sdk=iphoneos*]" = "iPhone Developer";
				COPY_PHASE_STRIP = NO;
				DEBUG_INFORMATION_FORMAT = dwarf;
				ENABLE_STRICT_OBJC_MSGSEND = YES;
				ENABLE_TESTABILITY = YES;
				GCC_C_LANGUAGE_STANDARD = gnu99;
				GCC_DYNAMIC_NO_PIC = NO;
				GCC_NO_COMMON_BLOCKS = YES;
				GCC_OPTIMIZATION_LEVEL = 0;
				GCC_PREPROCESSOR_DEFINITIONS = (
					"DEBUG=1",
					"$(inherited)",
				);
				GCC_WARN_64_TO_32_BIT_CONVERSION = YES;
				GCC_WARN_ABOUT_RETURN_TYPE = YES_ERROR;
				GCC_WARN_UNDECLARED_SELECTOR = YES;
				GCC_WARN_UNINITIALIZED_AUTOS = YES_AGGRESSIVE;
				GCC_WARN_UNUSED_FUNCTION = YES;
				GCC_WARN_UNUSED_VARIABLE = YES;
				IPHONEOS_DEPLOYMENT_TARGET = 10.3;
				MTL_ENABLE_DEBUG_INFO = YES;
				ONLY_ACTIVE_ARCH = YES;
				SDKROOT = iphoneos;
				SWIFT_ACTIVE_COMPILATION_CONDITIONS = DEBUG;
				SWIFT_OPTIMIZATION_LEVEL = "-Onone";
				TARGETED_DEVICE_FAMILY = "1,2";
			};
			name = Debug;
		};
		C5A9A8B31F3BB06C00601CFF /* Release */ = {
			isa = XCBuildConfiguration;
			buildSettings = {
				ALWAYS_SEARCH_USER_PATHS = NO;
				CLANG_ANALYZER_NONNULL = YES;
				CLANG_ANALYZER_NUMBER_OBJECT_CONVERSION = YES_AGGRESSIVE;
				CLANG_CXX_LANGUAGE_STANDARD = "gnu++0x";
				CLANG_CXX_LIBRARY = "libc++";
				CLANG_ENABLE_MODULES = YES;
				CLANG_ENABLE_OBJC_ARC = YES;
				CLANG_WARN_BOOL_CONVERSION = YES;
				CLANG_WARN_CONSTANT_CONVERSION = YES;
				CLANG_WARN_DIRECT_OBJC_ISA_USAGE = YES_ERROR;
				CLANG_WARN_DOCUMENTATION_COMMENTS = YES;
				CLANG_WARN_EMPTY_BODY = YES;
				CLANG_WARN_ENUM_CONVERSION = YES;
				CLANG_WARN_INFINITE_RECURSION = YES;
				CLANG_WARN_INT_CONVERSION = YES;
				CLANG_WARN_OBJC_ROOT_CLASS = YES_ERROR;
				CLANG_WARN_SUSPICIOUS_MOVE = YES;
				CLANG_WARN_UNREACHABLE_CODE = YES;
				CLANG_WARN__DUPLICATE_METHOD_MATCH = YES;
				"CODE_SIGN_IDENTITY[sdk=iphoneos*]" = "iPhone Developer";
				COPY_PHASE_STRIP = NO;
				DEBUG_INFORMATION_FORMAT = "dwarf-with-dsym";
				ENABLE_NS_ASSERTIONS = NO;
				ENABLE_STRICT_OBJC_MSGSEND = YES;
				GCC_C_LANGUAGE_STANDARD = gnu99;
				GCC_NO_COMMON_BLOCKS = YES;
				GCC_WARN_64_TO_32_BIT_CONVERSION = YES;
				GCC_WARN_ABOUT_RETURN_TYPE = YES_ERROR;
				GCC_WARN_UNDECLARED_SELECTOR = YES;
				GCC_WARN_UNINITIALIZED_AUTOS = YES_AGGRESSIVE;
				GCC_WARN_UNUSED_FUNCTION = YES;
				GCC_WARN_UNUSED_VARIABLE = YES;
				IPHONEOS_DEPLOYMENT_TARGET = 10.3;
				MTL_ENABLE_DEBUG_INFO = NO;
				SDKROOT = iphoneos;
				SWIFT_OPTIMIZATION_LEVEL = "-Owholemodule";
				TARGETED_DEVICE_FAMILY = "1,2";
				VALIDATE_PRODUCT = YES;
			};
			name = Release;
		};
		C5A9A8B51F3BB06C00601CFF /* Debug */ = {
			isa = XCBuildConfiguration;
			buildSettings = {
				ASSETCATALOG_COMPILER_APPICON_NAME = AppIcon;
				CODE_SIGN_IDENTITY = "iPhone Developer";
				"CODE_SIGN_IDENTITY[sdk=iphoneos*]" = "iPhone Developer";
				CURRENT_PROJECT_VERSION = 0;
				DEVELOPMENT_TEAM = LUU7Q496SS;
				FRAMEWORK_SEARCH_PATHS = (
					"$(inherited)",
					"$(PROJECT_DIR)",
					"$(PROJECT_DIR)/Carthage/Build/iOS",
				);
				INFOPLIST_FILE = MultiTask/Info.plist;
				LD_RUNPATH_SEARCH_PATHS = "$(inherited) @executable_path/Frameworks";
				PRODUCT_BUNDLE_IDENTIFIER = Duckensburg.MultiTask;
				PRODUCT_NAME = "$(TARGET_NAME)";
				PROVISIONING_PROFILE_SPECIFIER = "";
				SWIFT_VERSION = 3.0;
				VERSIONING_SYSTEM = "apple-generic";
			};
			name = Debug;
		};
		C5A9A8B61F3BB06C00601CFF /* Release */ = {
			isa = XCBuildConfiguration;
			buildSettings = {
				ASSETCATALOG_COMPILER_APPICON_NAME = AppIcon;
				CODE_SIGN_IDENTITY = "iPhone Developer";
				"CODE_SIGN_IDENTITY[sdk=iphoneos*]" = "iPhone Developer";
				CURRENT_PROJECT_VERSION = 0;
				DEVELOPMENT_TEAM = LUU7Q496SS;
				FRAMEWORK_SEARCH_PATHS = (
					"$(inherited)",
					"$(PROJECT_DIR)",
					"$(PROJECT_DIR)/Carthage/Build/iOS",
				);
				INFOPLIST_FILE = MultiTask/Info.plist;
				LD_RUNPATH_SEARCH_PATHS = "$(inherited) @executable_path/Frameworks";
				PRODUCT_BUNDLE_IDENTIFIER = Duckensburg.MultiTask;
				PRODUCT_NAME = "$(TARGET_NAME)";
				PROVISIONING_PROFILE_SPECIFIER = "";
				SWIFT_VERSION = 3.0;
				VERSIONING_SYSTEM = "apple-generic";
			};
			name = Release;
		};
/* End XCBuildConfiguration section */

/* Begin XCConfigurationList section */
		C55E26691F40DC17001743E4 /* Build configuration list for PBXNativeTarget "MultiTaskUITests" */ = {
			isa = XCConfigurationList;
			buildConfigurations = (
				C55E266A1F40DC17001743E4 /* Debug */,
				C55E266B1F40DC17001743E4 /* Release */,
			);
			defaultConfigurationIsVisible = 0;
			defaultConfigurationName = Release;
		};
		C55E26791F40F100001743E4 /* Build configuration list for PBXNativeTarget "MultiTaskTests" */ = {
			isa = XCConfigurationList;
			buildConfigurations = (
				C55E267A1F40F100001743E4 /* Debug */,
				C55E267B1F40F100001743E4 /* Release */,
			);
			defaultConfigurationIsVisible = 0;
			defaultConfigurationName = Release;
		};
		C5A9A89B1F3BB06C00601CFF /* Build configuration list for PBXProject "MultiTask" */ = {
			isa = XCConfigurationList;
			buildConfigurations = (
				C5A9A8B21F3BB06C00601CFF /* Debug */,
				C5A9A8B31F3BB06C00601CFF /* Release */,
			);
			defaultConfigurationIsVisible = 0;
			defaultConfigurationName = Release;
		};
		C5A9A8B41F3BB06C00601CFF /* Build configuration list for PBXNativeTarget "MultiTask" */ = {
			isa = XCConfigurationList;
			buildConfigurations = (
				C5A9A8B51F3BB06C00601CFF /* Debug */,
				C5A9A8B61F3BB06C00601CFF /* Release */,
			);
			defaultConfigurationIsVisible = 0;
			defaultConfigurationName = Release;
		};
/* End XCConfigurationList section */
	};
	rootObject = C5A9A8981F3BB06C00601CFF /* Project object */;
}
